// !$*UTF8*$!
{
	archiveVersion = 1;
	classes = {
	};
	objectVersion = 56;
	objects = {

/* Begin PBXBuildFile section */
		8D12DA972A7F481F00B2C190 /* TableView+.swift in Sources */ = {isa = PBXBuildFile; fileRef = 8D12DA942A7F481F00B2C190 /* TableView+.swift */; };
		8D12DA982A7F481F00B2C190 /* Array+.swift in Sources */ = {isa = PBXBuildFile; fileRef = 8D12DA952A7F481F00B2C190 /* Array+.swift */; };
		8D12DA992A7F481F00B2C190 /* CollectionView+.swift in Sources */ = {isa = PBXBuildFile; fileRef = 8D12DA962A7F481F00B2C190 /* CollectionView+.swift */; };
		8D12DA9B2A7F75E900B2C190 /* CustomTabBarItem.swift in Sources */ = {isa = PBXBuildFile; fileRef = 8D12DA9A2A7F75E900B2C190 /* CustomTabBarItem.swift */; };
		8D12DA9D2A7F7AEE00B2C190 /* MyUniCustomTabBar.swift in Sources */ = {isa = PBXBuildFile; fileRef = 8D12DA9C2A7F7AEE00B2C190 /* MyUniCustomTabBar.swift */; };
		8D12DAA02A7F7C5E00B2C190 /* CombineCocoa in Frameworks */ = {isa = PBXBuildFile; productRef = 8D12DA9F2A7F7C5E00B2C190 /* CombineCocoa */; };
		8D12DAA22A7F7EB000B2C190 /* CustomItemView.swift in Sources */ = {isa = PBXBuildFile; fileRef = 8D12DAA12A7F7EB000B2C190 /* CustomItemView.swift */; };
		8D12DAA42A7F81FC00B2C190 /* UIView+.swift in Sources */ = {isa = PBXBuildFile; fileRef = 8D12DAA32A7F81FC00B2C190 /* UIView+.swift */; };
		8D12DAA62A7F847400B2C190 /* UIStackView+.swift in Sources */ = {isa = PBXBuildFile; fileRef = 8D12DAA52A7F847400B2C190 /* UIStackView+.swift */; };
		8D12DAA92A7F88EB00B2C190 /* MenuVC.swift in Sources */ = {isa = PBXBuildFile; fileRef = 8D12DAA82A7F88EB00B2C190 /* MenuVC.swift */; };
		8D2110F92AF64556006F517E /* DesignSystem in Frameworks */ = {isa = PBXBuildFile; productRef = 8D2110F82AF64556006F517E /* DesignSystem */; };
		8D238C802ACA490A00D3DFDD /* FlexLayout in Frameworks */ = {isa = PBXBuildFile; productRef = 8D238C7F2ACA490A00D3DFDD /* FlexLayout */; };
		8D238C832ACA493800D3DFDD /* PinLayout in Frameworks */ = {isa = PBXBuildFile; productRef = 8D238C822ACA493800D3DFDD /* PinLayout */; };
		8D238C852ACA668800D3DFDD /* ConstellationCollectionCell.swift in Sources */ = {isa = PBXBuildFile; fileRef = 8D238C842ACA668800D3DFDD /* ConstellationCollectionCell.swift */; };
		8D238D612ACC236C00D3DFDD /* BirthConstellation.swift in Sources */ = {isa = PBXBuildFile; fileRef = 8D238D602ACC236C00D3DFDD /* BirthConstellation.swift */; };
		8D238D662ACC55AA00D3DFDD /* BirthConstellationCollectionCell.swift in Sources */ = {isa = PBXBuildFile; fileRef = 8D238D652ACC55AA00D3DFDD /* BirthConstellationCollectionCell.swift */; };
		8D238D682ACC5A6900D3DFDD /* BirthConstellationVC.swift in Sources */ = {isa = PBXBuildFile; fileRef = 8D238D672ACC5A6900D3DFDD /* BirthConstellationVC.swift */; };
		8D25A5152ABEB0F500F71B04 /* ComposableArchitecture in Frameworks */ = {isa = PBXBuildFile; productRef = 8D25A5142ABEB0F500F71B04 /* ComposableArchitecture */; };
		8D25A5182ABEBB5800F71B04 /* Universe.swift in Sources */ = {isa = PBXBuildFile; fileRef = 8D25A5172ABEBB5800F71B04 /* Universe.swift */; };
		8D25A51C2ABEC67900F71B04 /* TCABaseVC.swift in Sources */ = {isa = PBXBuildFile; fileRef = 8D25A51B2ABEC67900F71B04 /* TCABaseVC.swift */; };
		8D29AB1829B45F2100AD5072 /* AppDelegate.swift in Sources */ = {isa = PBXBuildFile; fileRef = 8D29AB1729B45F2100AD5072 /* AppDelegate.swift */; };
		8D29AB1A29B45F2100AD5072 /* SceneDelegate.swift in Sources */ = {isa = PBXBuildFile; fileRef = 8D29AB1929B45F2100AD5072 /* SceneDelegate.swift */; };
		8D29AB2129B45F2200AD5072 /* Image.xcassets in Resources */ = {isa = PBXBuildFile; fileRef = 8D29AB2029B45F2200AD5072 /* Image.xcassets */; };
		8D29AB2429B45F2200AD5072 /* LaunchScreen.storyboard in Resources */ = {isa = PBXBuildFile; fileRef = 8D29AB2229B45F2200AD5072 /* LaunchScreen.storyboard */; };
		8D29AB2F29B45F2200AD5072 /* MyUniverseTests.swift in Sources */ = {isa = PBXBuildFile; fileRef = 8D29AB2E29B45F2200AD5072 /* MyUniverseTests.swift */; };
		8D29AB3929B45F2200AD5072 /* MyUniverseUITests.swift in Sources */ = {isa = PBXBuildFile; fileRef = 8D29AB3829B45F2200AD5072 /* MyUniverseUITests.swift */; };
		8D29AB3B29B45F2200AD5072 /* MyUniverseUITestsLaunchTests.swift in Sources */ = {isa = PBXBuildFile; fileRef = 8D29AB3A29B45F2200AD5072 /* MyUniverseUITestsLaunchTests.swift */; };
		8D29AB4829B4691B00AD5072 /* MyUniTabBarController.swift in Sources */ = {isa = PBXBuildFile; fileRef = 8D29AB4729B4691B00AD5072 /* MyUniTabBarController.swift */; };
		8D37D80A2B318ACC0081807C /* SunVC.swift in Sources */ = {isa = PBXBuildFile; fileRef = 8D37D8092B318ACC0081807C /* SunVC.swift */; };
		8D44C0BD2B24822700775B65 /* SeasonConstellationVC.swift in Sources */ = {isa = PBXBuildFile; fileRef = 8D44C0BC2B24822700775B65 /* SeasonConstellationVC.swift */; };
		8D44C0BF2B2483DD00775B65 /* SeasonConstellations.swift in Sources */ = {isa = PBXBuildFile; fileRef = 8D44C0BE2B2483DD00775B65 /* SeasonConstellations.swift */; };
		8D44C0C12B248BB900775B65 /* SeasonConstellation.swift in Sources */ = {isa = PBXBuildFile; fileRef = 8D44C0C02B248BB900775B65 /* SeasonConstellation.swift */; };
		8D44C0C42B248DBC00775B65 /* SeasonConstellationCollectionCell.swift in Sources */ = {isa = PBXBuildFile; fileRef = 8D44C0C32B248DBC00775B65 /* SeasonConstellationCollectionCell.swift */; };
		8D4A322E2B34694200623CF9 /* AsteroidVC.swift in Sources */ = {isa = PBXBuildFile; fileRef = 8D4A322D2B34694200623CF9 /* AsteroidVC.swift */; };
		8D5A08912B14C45E00960B86 /* UIViewPreview.swift in Sources */ = {isa = PBXBuildFile; fileRef = 8D5A08902B14C45E00960B86 /* UIViewPreview.swift */; };
		8D5A08932B14C5CC00960B86 /* UIViewControllerPreview.swift in Sources */ = {isa = PBXBuildFile; fileRef = 8D5A08922B14C5CC00960B86 /* UIViewControllerPreview.swift */; };
		8D5A08952B14DB2500960B86 /* UIViewController+.swift in Sources */ = {isa = PBXBuildFile; fileRef = 8D5A08942B14DB2500960B86 /* UIViewController+.swift */; };
		8D871F0A29C3595F00FE4528 /* HomeTableViewCell.swift in Sources */ = {isa = PBXBuildFile; fileRef = 8D871F0929C3595F00FE4528 /* HomeTableViewCell.swift */; };
		8D8A6E492B369A2C00E4412C /* NebulaCollectionViewCell.swift in Sources */ = {isa = PBXBuildFile; fileRef = 8D8A6E482B369A2C00E4412C /* NebulaCollectionViewCell.swift */; };
		8D8A6E4E2B369E8300E4412C /* Nebula.swift in Sources */ = {isa = PBXBuildFile; fileRef = 8D8A6E4D2B369E8300E4412C /* Nebula.swift */; };
		8D8A6E502B3828FA00E4412C /* NebulaModel.swift in Sources */ = {isa = PBXBuildFile; fileRef = 8D8A6E4F2B3828FA00E4412C /* NebulaModel.swift */; };
		8D8A6E572B397B3900E4412C /* Galaxy.swift in Sources */ = {isa = PBXBuildFile; fileRef = 8D8A6E562B397B3900E4412C /* Galaxy.swift */; };
		8D8A6E5A2B39A97A00E4412C /* GalaxyVC.swift in Sources */ = {isa = PBXBuildFile; fileRef = 8D8A6E592B39A97A00E4412C /* GalaxyVC.swift */; };
		8DC28BE32AD0489700854348 /* BirthConstellationDetailVC.swift in Sources */ = {isa = PBXBuildFile; fileRef = 8DC28BE22AD0489700854348 /* BirthConstellationDetailVC.swift */; };
		8DC28BE52AD04A6800854348 /* BirthConstellations.swift in Sources */ = {isa = PBXBuildFile; fileRef = 8DC28BE42AD04A6800854348 /* BirthConstellations.swift */; };
		8DC2CDF62ABC6D58008CB2B6 /* .swiftlint.yml in Resources */ = {isa = PBXBuildFile; fileRef = 8DC2CDF52ABC6D58008CB2B6 /* .swiftlint.yml */; };
		8DCBB8102B35CFBE00E37861 /* NebulaVC.swift in Sources */ = {isa = PBXBuildFile; fileRef = 8DCBB80F2B35CFBE00E37861 /* NebulaVC.swift */; };
		8DCBB8152B35D33C00E37861 /* NebulaDescriptionCollectionViewCell.swift in Sources */ = {isa = PBXBuildFile; fileRef = 8DCBB8142B35D33C00E37861 /* NebulaDescriptionCollectionViewCell.swift */; };
		8DD99A602B2F2B2B006D6532 /* Planet.swift in Sources */ = {isa = PBXBuildFile; fileRef = 8DD99A5F2B2F2B2B006D6532 /* Planet.swift */; };
		8DD99A622B2F35C4006D6532 /* PlanetCollectionViewCell.swift in Sources */ = {isa = PBXBuildFile; fileRef = 8DD99A612B2F35C4006D6532 /* PlanetCollectionViewCell.swift */; };
		8DEACCC529C71DA40043DA10 /* HomeTableViewHeaderView.swift in Sources */ = {isa = PBXBuildFile; fileRef = 8DEACCC429C71DA40043DA10 /* HomeTableViewHeaderView.swift */; };
		8DEACCC929C72E9D0043DA10 /* SolarSystemCollectionCell.swift in Sources */ = {isa = PBXBuildFile; fileRef = 8DEACCC829C72E9D0043DA10 /* SolarSystemCollectionCell.swift */; };
		8DEFA09529BE0C60004982CA /* SnapKit in Frameworks */ = {isa = PBXBuildFile; productRef = 8DEFA09429BE0C60004982CA /* SnapKit */; };
		8DEFA09C29BE1A39004982CA /* MyUniVC.swift in Sources */ = {isa = PBXBuildFile; fileRef = 8DEFA09B29BE1A39004982CA /* MyUniVC.swift */; };
		8DEFA09E29BE1A65004982CA /* MyUniNaviVC.swift in Sources */ = {isa = PBXBuildFile; fileRef = 8DEFA09D29BE1A65004982CA /* MyUniNaviVC.swift */; };
		8DEFA0A029BE1E56004982CA /* HomeVC.swift in Sources */ = {isa = PBXBuildFile; fileRef = 8DEFA09F29BE1E56004982CA /* HomeVC.swift */; };
		8DF78BFE2B2C14B80007DD20 /* PlanetsVC.swift in Sources */ = {isa = PBXBuildFile; fileRef = 8DF78BFD2B2C14B80007DD20 /* PlanetsVC.swift */; };
		8DF78C012B2C1E800007DD20 /* Planets.swift in Sources */ = {isa = PBXBuildFile; fileRef = 8DF78C002B2C1E800007DD20 /* Planets.swift */; };
		8DF941122B27336900452292 /* Color.xcassets in Resources */ = {isa = PBXBuildFile; fileRef = 8DF941112B27336900452292 /* Color.xcassets */; };
		8DF941162B2733BB00452292 /* RswiftLibrary in Frameworks */ = {isa = PBXBuildFile; productRef = 8DF941152B2733BB00452292 /* RswiftLibrary */; };
		8DF941182B2733BB00452292 /* rswift in Frameworks */ = {isa = PBXBuildFile; productRef = 8DF941172B2733BB00452292 /* rswift */; };
/* End PBXBuildFile section */

/* Begin PBXContainerItemProxy section */
		8D29AB2B29B45F2200AD5072 /* PBXContainerItemProxy */ = {
			isa = PBXContainerItemProxy;
			containerPortal = 8D29AB0C29B45F2100AD5072 /* Project object */;
			proxyType = 1;
			remoteGlobalIDString = 8D29AB1329B45F2100AD5072;
			remoteInfo = MyUniverse;
		};
		8D29AB3529B45F2200AD5072 /* PBXContainerItemProxy */ = {
			isa = PBXContainerItemProxy;
			containerPortal = 8D29AB0C29B45F2100AD5072 /* Project object */;
			proxyType = 1;
			remoteGlobalIDString = 8D29AB1329B45F2100AD5072;
			remoteInfo = MyUniverse;
		};
/* End PBXContainerItemProxy section */

/* Begin PBXFileReference section */
		8D12DA942A7F481F00B2C190 /* TableView+.swift */ = {isa = PBXFileReference; fileEncoding = 4; lastKnownFileType = sourcecode.swift; path = "TableView+.swift"; sourceTree = "<group>"; };
		8D12DA952A7F481F00B2C190 /* Array+.swift */ = {isa = PBXFileReference; fileEncoding = 4; lastKnownFileType = sourcecode.swift; path = "Array+.swift"; sourceTree = "<group>"; };
		8D12DA962A7F481F00B2C190 /* CollectionView+.swift */ = {isa = PBXFileReference; fileEncoding = 4; lastKnownFileType = sourcecode.swift; path = "CollectionView+.swift"; sourceTree = "<group>"; };
		8D12DA9A2A7F75E900B2C190 /* CustomTabBarItem.swift */ = {isa = PBXFileReference; lastKnownFileType = sourcecode.swift; path = CustomTabBarItem.swift; sourceTree = "<group>"; };
		8D12DA9C2A7F7AEE00B2C190 /* MyUniCustomTabBar.swift */ = {isa = PBXFileReference; lastKnownFileType = sourcecode.swift; path = MyUniCustomTabBar.swift; sourceTree = "<group>"; };
		8D12DAA12A7F7EB000B2C190 /* CustomItemView.swift */ = {isa = PBXFileReference; lastKnownFileType = sourcecode.swift; path = CustomItemView.swift; sourceTree = "<group>"; };
		8D12DAA32A7F81FC00B2C190 /* UIView+.swift */ = {isa = PBXFileReference; lastKnownFileType = sourcecode.swift; path = "UIView+.swift"; sourceTree = "<group>"; };
		8D12DAA52A7F847400B2C190 /* UIStackView+.swift */ = {isa = PBXFileReference; lastKnownFileType = sourcecode.swift; path = "UIStackView+.swift"; sourceTree = "<group>"; };
		8D12DAA82A7F88EB00B2C190 /* MenuVC.swift */ = {isa = PBXFileReference; lastKnownFileType = sourcecode.swift; path = MenuVC.swift; sourceTree = "<group>"; };
		8D2110F62AF64520006F517E /* DesignSystem */ = {isa = PBXFileReference; lastKnownFileType = wrapper; name = DesignSystem; path = ../../../Desktop/DesignSystem; sourceTree = "<group>"; };
		8D238C842ACA668800D3DFDD /* ConstellationCollectionCell.swift */ = {isa = PBXFileReference; lastKnownFileType = sourcecode.swift; path = ConstellationCollectionCell.swift; sourceTree = "<group>"; };
		8D238D602ACC236C00D3DFDD /* BirthConstellation.swift */ = {isa = PBXFileReference; lastKnownFileType = sourcecode.swift; path = BirthConstellation.swift; sourceTree = "<group>"; };
		8D238D652ACC55AA00D3DFDD /* BirthConstellationCollectionCell.swift */ = {isa = PBXFileReference; lastKnownFileType = sourcecode.swift; path = BirthConstellationCollectionCell.swift; sourceTree = "<group>"; };
		8D238D672ACC5A6900D3DFDD /* BirthConstellationVC.swift */ = {isa = PBXFileReference; lastKnownFileType = sourcecode.swift; path = BirthConstellationVC.swift; sourceTree = "<group>"; };
		8D25A5172ABEBB5800F71B04 /* Universe.swift */ = {isa = PBXFileReference; lastKnownFileType = sourcecode.swift; path = Universe.swift; sourceTree = "<group>"; };
		8D25A51B2ABEC67900F71B04 /* TCABaseVC.swift */ = {isa = PBXFileReference; fileEncoding = 4; lastKnownFileType = sourcecode.swift; path = TCABaseVC.swift; sourceTree = "<group>"; };
		8D29AB1429B45F2100AD5072 /* MyUniverse.app */ = {isa = PBXFileReference; explicitFileType = wrapper.application; includeInIndex = 0; path = MyUniverse.app; sourceTree = BUILT_PRODUCTS_DIR; };
		8D29AB1729B45F2100AD5072 /* AppDelegate.swift */ = {isa = PBXFileReference; lastKnownFileType = sourcecode.swift; path = AppDelegate.swift; sourceTree = "<group>"; };
		8D29AB1929B45F2100AD5072 /* SceneDelegate.swift */ = {isa = PBXFileReference; lastKnownFileType = sourcecode.swift; path = SceneDelegate.swift; sourceTree = "<group>"; };
		8D29AB2029B45F2200AD5072 /* Image.xcassets */ = {isa = PBXFileReference; lastKnownFileType = folder.assetcatalog; path = Image.xcassets; sourceTree = "<group>"; };
		8D29AB2329B45F2200AD5072 /* Base */ = {isa = PBXFileReference; lastKnownFileType = file.storyboard; name = Base; path = Base.lproj/LaunchScreen.storyboard; sourceTree = "<group>"; };
		8D29AB2529B45F2200AD5072 /* Info.plist */ = {isa = PBXFileReference; lastKnownFileType = text.plist.xml; path = Info.plist; sourceTree = "<group>"; };
		8D29AB2A29B45F2200AD5072 /* MyUniverseTests.xctest */ = {isa = PBXFileReference; explicitFileType = wrapper.cfbundle; includeInIndex = 0; path = MyUniverseTests.xctest; sourceTree = BUILT_PRODUCTS_DIR; };
		8D29AB2E29B45F2200AD5072 /* MyUniverseTests.swift */ = {isa = PBXFileReference; lastKnownFileType = sourcecode.swift; path = MyUniverseTests.swift; sourceTree = "<group>"; };
		8D29AB3429B45F2200AD5072 /* MyUniverseUITests.xctest */ = {isa = PBXFileReference; explicitFileType = wrapper.cfbundle; includeInIndex = 0; path = MyUniverseUITests.xctest; sourceTree = BUILT_PRODUCTS_DIR; };
		8D29AB3829B45F2200AD5072 /* MyUniverseUITests.swift */ = {isa = PBXFileReference; lastKnownFileType = sourcecode.swift; path = MyUniverseUITests.swift; sourceTree = "<group>"; };
		8D29AB3A29B45F2200AD5072 /* MyUniverseUITestsLaunchTests.swift */ = {isa = PBXFileReference; lastKnownFileType = sourcecode.swift; path = MyUniverseUITestsLaunchTests.swift; sourceTree = "<group>"; };
		8D29AB4729B4691B00AD5072 /* MyUniTabBarController.swift */ = {isa = PBXFileReference; lastKnownFileType = sourcecode.swift; path = MyUniTabBarController.swift; sourceTree = "<group>"; };
		8D37D8092B318ACC0081807C /* SunVC.swift */ = {isa = PBXFileReference; lastKnownFileType = sourcecode.swift; path = SunVC.swift; sourceTree = "<group>"; };
		8D44C0BC2B24822700775B65 /* SeasonConstellationVC.swift */ = {isa = PBXFileReference; lastKnownFileType = sourcecode.swift; path = SeasonConstellationVC.swift; sourceTree = "<group>"; };
		8D44C0BE2B2483DD00775B65 /* SeasonConstellations.swift */ = {isa = PBXFileReference; lastKnownFileType = sourcecode.swift; path = SeasonConstellations.swift; sourceTree = "<group>"; };
		8D44C0C02B248BB900775B65 /* SeasonConstellation.swift */ = {isa = PBXFileReference; lastKnownFileType = sourcecode.swift; path = SeasonConstellation.swift; sourceTree = "<group>"; };
		8D44C0C32B248DBC00775B65 /* SeasonConstellationCollectionCell.swift */ = {isa = PBXFileReference; lastKnownFileType = sourcecode.swift; path = SeasonConstellationCollectionCell.swift; sourceTree = "<group>"; };
		8D4A322D2B34694200623CF9 /* AsteroidVC.swift */ = {isa = PBXFileReference; lastKnownFileType = sourcecode.swift; path = AsteroidVC.swift; sourceTree = "<group>"; };
		8D5A08902B14C45E00960B86 /* UIViewPreview.swift */ = {isa = PBXFileReference; lastKnownFileType = sourcecode.swift; path = UIViewPreview.swift; sourceTree = "<group>"; };
		8D5A08922B14C5CC00960B86 /* UIViewControllerPreview.swift */ = {isa = PBXFileReference; lastKnownFileType = sourcecode.swift; path = UIViewControllerPreview.swift; sourceTree = "<group>"; };
		8D5A08942B14DB2500960B86 /* UIViewController+.swift */ = {isa = PBXFileReference; lastKnownFileType = sourcecode.swift; path = "UIViewController+.swift"; sourceTree = "<group>"; };
		8D871F0929C3595F00FE4528 /* HomeTableViewCell.swift */ = {isa = PBXFileReference; lastKnownFileType = sourcecode.swift; path = HomeTableViewCell.swift; sourceTree = "<group>"; };
		8D8A6E482B369A2C00E4412C /* NebulaCollectionViewCell.swift */ = {isa = PBXFileReference; lastKnownFileType = sourcecode.swift; path = NebulaCollectionViewCell.swift; sourceTree = "<group>"; };
		8D8A6E4D2B369E8300E4412C /* Nebula.swift */ = {isa = PBXFileReference; lastKnownFileType = sourcecode.swift; path = Nebula.swift; sourceTree = "<group>"; };
		8D8A6E4F2B3828FA00E4412C /* NebulaModel.swift */ = {isa = PBXFileReference; lastKnownFileType = sourcecode.swift; path = NebulaModel.swift; sourceTree = "<group>"; };
		8D8A6E562B397B3900E4412C /* Galaxy.swift */ = {isa = PBXFileReference; lastKnownFileType = sourcecode.swift; path = Galaxy.swift; sourceTree = "<group>"; };
		8D8A6E592B39A97A00E4412C /* GalaxyVC.swift */ = {isa = PBXFileReference; lastKnownFileType = sourcecode.swift; path = GalaxyVC.swift; sourceTree = "<group>"; };
		8DC28BE22AD0489700854348 /* BirthConstellationDetailVC.swift */ = {isa = PBXFileReference; lastKnownFileType = sourcecode.swift; path = BirthConstellationDetailVC.swift; sourceTree = "<group>"; };
		8DC28BE42AD04A6800854348 /* BirthConstellations.swift */ = {isa = PBXFileReference; lastKnownFileType = sourcecode.swift; path = BirthConstellations.swift; sourceTree = "<group>"; };
		8DC2CDF52ABC6D58008CB2B6 /* .swiftlint.yml */ = {isa = PBXFileReference; lastKnownFileType = text.yaml; path = .swiftlint.yml; sourceTree = "<group>"; };
		8DCBB80F2B35CFBE00E37861 /* NebulaVC.swift */ = {isa = PBXFileReference; lastKnownFileType = sourcecode.swift; path = NebulaVC.swift; sourceTree = "<group>"; };
		8DCBB8142B35D33C00E37861 /* NebulaDescriptionCollectionViewCell.swift */ = {isa = PBXFileReference; lastKnownFileType = sourcecode.swift; path = NebulaDescriptionCollectionViewCell.swift; sourceTree = "<group>"; };
		8DD99A5F2B2F2B2B006D6532 /* Planet.swift */ = {isa = PBXFileReference; lastKnownFileType = sourcecode.swift; path = Planet.swift; sourceTree = "<group>"; };
		8DD99A612B2F35C4006D6532 /* PlanetCollectionViewCell.swift */ = {isa = PBXFileReference; lastKnownFileType = sourcecode.swift; path = PlanetCollectionViewCell.swift; sourceTree = "<group>"; };
		8DEACCC429C71DA40043DA10 /* HomeTableViewHeaderView.swift */ = {isa = PBXFileReference; lastKnownFileType = sourcecode.swift; path = HomeTableViewHeaderView.swift; sourceTree = "<group>"; };
		8DEACCC829C72E9D0043DA10 /* SolarSystemCollectionCell.swift */ = {isa = PBXFileReference; lastKnownFileType = sourcecode.swift; path = SolarSystemCollectionCell.swift; sourceTree = "<group>"; };
		8DEFA09B29BE1A39004982CA /* MyUniVC.swift */ = {isa = PBXFileReference; lastKnownFileType = sourcecode.swift; path = MyUniVC.swift; sourceTree = "<group>"; };
		8DEFA09D29BE1A65004982CA /* MyUniNaviVC.swift */ = {isa = PBXFileReference; lastKnownFileType = sourcecode.swift; path = MyUniNaviVC.swift; sourceTree = "<group>"; };
		8DEFA09F29BE1E56004982CA /* HomeVC.swift */ = {isa = PBXFileReference; lastKnownFileType = sourcecode.swift; path = HomeVC.swift; sourceTree = "<group>"; };
		8DF78BFD2B2C14B80007DD20 /* PlanetsVC.swift */ = {isa = PBXFileReference; lastKnownFileType = sourcecode.swift; path = PlanetsVC.swift; sourceTree = "<group>"; };
		8DF78C002B2C1E800007DD20 /* Planets.swift */ = {isa = PBXFileReference; lastKnownFileType = sourcecode.swift; path = Planets.swift; sourceTree = "<group>"; };
		8DF941112B27336900452292 /* Color.xcassets */ = {isa = PBXFileReference; lastKnownFileType = folder.assetcatalog; path = Color.xcassets; sourceTree = "<group>"; };
/* End PBXFileReference section */

/* Begin PBXFrameworksBuildPhase section */
		8D29AB1129B45F2100AD5072 /* Frameworks */ = {
			isa = PBXFrameworksBuildPhase;
			buildActionMask = 2147483647;
			files = (
				8DEFA09529BE0C60004982CA /* SnapKit in Frameworks */,
				8D238C832ACA493800D3DFDD /* PinLayout in Frameworks */,
				8D12DAA02A7F7C5E00B2C190 /* CombineCocoa in Frameworks */,
				8D2110F92AF64556006F517E /* DesignSystem in Frameworks */,
				8DF941162B2733BB00452292 /* RswiftLibrary in Frameworks */,
				8DF941182B2733BB00452292 /* rswift in Frameworks */,
				8D25A5152ABEB0F500F71B04 /* ComposableArchitecture in Frameworks */,
				8D238C802ACA490A00D3DFDD /* FlexLayout in Frameworks */,
			);
			runOnlyForDeploymentPostprocessing = 0;
		};
		8D29AB2729B45F2200AD5072 /* Frameworks */ = {
			isa = PBXFrameworksBuildPhase;
			buildActionMask = 2147483647;
			files = (
			);
			runOnlyForDeploymentPostprocessing = 0;
		};
		8D29AB3129B45F2200AD5072 /* Frameworks */ = {
			isa = PBXFrameworksBuildPhase;
			buildActionMask = 2147483647;
			files = (
			);
			runOnlyForDeploymentPostprocessing = 0;
		};
/* End PBXFrameworksBuildPhase section */

/* Begin PBXGroup section */
		8D12DA932A7F47FF00B2C190 /* Common */ = {
			isa = PBXGroup;
			children = (
				8DEFA09629BE1899004982CA /* TabBar */,
				8DEFA09D29BE1A65004982CA /* MyUniNaviVC.swift */,
				8DEFA09B29BE1A39004982CA /* MyUniVC.swift */,
				8D25A51B2ABEC67900F71B04 /* TCABaseVC.swift */,
				8D5A08902B14C45E00960B86 /* UIViewPreview.swift */,
				8D5A08922B14C5CC00960B86 /* UIViewControllerPreview.swift */,
			);
			path = Common;
			sourceTree = "<group>";
		};
		8D12DAA72A7F88D400B2C190 /* Menu */ = {
			isa = PBXGroup;
			children = (
				8D12DAA82A7F88EB00B2C190 /* MenuVC.swift */,
			);
			path = Menu;
			sourceTree = "<group>";
		};
		8D2110F72AF64556006F517E /* Frameworks */ = {
			isa = PBXGroup;
			children = (
			);
			name = Frameworks;
			sourceTree = "<group>";
		};
		8D238C862ACAB5A300D3DFDD /* Constellation */ = {
			isa = PBXGroup;
			children = (
				8D238C8A2ACAB84C00D3DFDD /* Birth */,
				8D238C8B2ACAB85400D3DFDD /* Season */,
			);
			path = Constellation;
			sourceTree = "<group>";
		};
		8D238C892ACAB61000D3DFDD /* Extension */ = {
			isa = PBXGroup;
			children = (
				8D12DA952A7F481F00B2C190 /* Array+.swift */,
				8D12DA962A7F481F00B2C190 /* CollectionView+.swift */,
				8D12DA942A7F481F00B2C190 /* TableView+.swift */,
				8D12DAA32A7F81FC00B2C190 /* UIView+.swift */,
				8D5A08942B14DB2500960B86 /* UIViewController+.swift */,
				8D12DAA52A7F847400B2C190 /* UIStackView+.swift */,
			);
			path = Extension;
			sourceTree = "<group>";
		};
		8D238C8A2ACAB84C00D3DFDD /* Birth */ = {
			isa = PBXGroup;
			children = (
				8DC28BE42AD04A6800854348 /* BirthConstellations.swift */,
				8D238D672ACC5A6900D3DFDD /* BirthConstellationVC.swift */,
				8D238D652ACC55AA00D3DFDD /* BirthConstellationCollectionCell.swift */,
				8DC28BE12AD0488700854348 /* Detail */,
			);
			path = Birth;
			sourceTree = "<group>";
		};
		8D238C8B2ACAB85400D3DFDD /* Season */ = {
			isa = PBXGroup;
			children = (
				8D44C0BE2B2483DD00775B65 /* SeasonConstellations.swift */,
				8D44C0BC2B24822700775B65 /* SeasonConstellationVC.swift */,
				8D44C0C22B248D8100775B65 /* CollectionView */,
			);
			path = Season;
			sourceTree = "<group>";
		};
		8D25A5162ABEB38400F71B04 /* Model */ = {
			isa = PBXGroup;
			children = (
				8D25A5172ABEBB5800F71B04 /* Universe.swift */,
				8D238D602ACC236C00D3DFDD /* BirthConstellation.swift */,
				8D44C0C02B248BB900775B65 /* SeasonConstellation.swift */,
				8DD99A5F2B2F2B2B006D6532 /* Planet.swift */,
				8D8A6E4F2B3828FA00E4412C /* NebulaModel.swift */,
			);
			path = Model;
			sourceTree = "<group>";
		};
		8D29AB0B29B45F2100AD5072 = {
			isa = PBXGroup;
			children = (
				8D2110F62AF64520006F517E /* DesignSystem */,
				8DC2CDF52ABC6D58008CB2B6 /* .swiftlint.yml */,
				8D29AB1629B45F2100AD5072 /* MyUniverse */,
				8D29AB2D29B45F2200AD5072 /* MyUniverseTests */,
				8D29AB3729B45F2200AD5072 /* MyUniverseUITests */,
				8D29AB1529B45F2100AD5072 /* Products */,
				8D2110F72AF64556006F517E /* Frameworks */,
			);
			sourceTree = "<group>";
		};
		8D29AB1529B45F2100AD5072 /* Products */ = {
			isa = PBXGroup;
			children = (
				8D29AB1429B45F2100AD5072 /* MyUniverse.app */,
				8D29AB2A29B45F2200AD5072 /* MyUniverseTests.xctest */,
				8D29AB3429B45F2200AD5072 /* MyUniverseUITests.xctest */,
			);
			name = Products;
			sourceTree = "<group>";
		};
		8D29AB1629B45F2100AD5072 /* MyUniverse */ = {
			isa = PBXGroup;
			children = (
				8D29AB2529B45F2200AD5072 /* Info.plist */,
				8D29AB1729B45F2100AD5072 /* AppDelegate.swift */,
				8D29AB1929B45F2100AD5072 /* SceneDelegate.swift */,
				8D238C892ACAB61000D3DFDD /* Extension */,
				8D25A5162ABEB38400F71B04 /* Model */,
				8D12DA932A7F47FF00B2C190 /* Common */,
				8DEFA09829BE18B4004982CA /* Scene */,
				8DF941132B27337A00452292 /* Resource */,
			);
			path = MyUniverse;
			sourceTree = "<group>";
		};
		8D29AB2D29B45F2200AD5072 /* MyUniverseTests */ = {
			isa = PBXGroup;
			children = (
				8D29AB2E29B45F2200AD5072 /* MyUniverseTests.swift */,
			);
			path = MyUniverseTests;
			sourceTree = "<group>";
		};
		8D29AB3729B45F2200AD5072 /* MyUniverseUITests */ = {
			isa = PBXGroup;
			children = (
				8D29AB3829B45F2200AD5072 /* MyUniverseUITests.swift */,
				8D29AB3A29B45F2200AD5072 /* MyUniverseUITestsLaunchTests.swift */,
			);
			path = MyUniverseUITests;
			sourceTree = "<group>";
		};
		8D37D8082B318AC40081807C /* Sun */ = {
			isa = PBXGroup;
			children = (
				8D37D8092B318ACC0081807C /* SunVC.swift */,
			);
			path = Sun;
			sourceTree = "<group>";
		};
		8D44C0C22B248D8100775B65 /* CollectionView */ = {
			isa = PBXGroup;
			children = (
				8D44C0C32B248DBC00775B65 /* SeasonConstellationCollectionCell.swift */,
			);
			path = CollectionView;
			sourceTree = "<group>";
		};
		8D4A322B2B34692000623CF9 /* Asteroid */ = {
			isa = PBXGroup;
			children = (
				8D4A322D2B34694200623CF9 /* AsteroidVC.swift */,
			);
			path = Asteroid;
			sourceTree = "<group>";
		};
		8D871F0329C3534500FE4528 /* Home */ = {
			isa = PBXGroup;
			children = (
				8DEFA09F29BE1E56004982CA /* HomeVC.swift */,
				8D871F0829C3594500FE4528 /* Views */,
			);
			path = Home;
			sourceTree = "<group>";
		};
		8D871F0829C3594500FE4528 /* Views */ = {
			isa = PBXGroup;
			children = (
				8DEACCC629C72E740043DA10 /* TableView */,
				8DEACCC729C72E810043DA10 /* CollectionView */,
			);
			path = Views;
			sourceTree = "<group>";
		};
		8D8A6E552B396B6B00E4412C /* Galaxy */ = {
			isa = PBXGroup;
			children = (
				8D8A6E562B397B3900E4412C /* Galaxy.swift */,
				8D8A6E592B39A97A00E4412C /* GalaxyVC.swift */,
			);
			path = Galaxy;
			sourceTree = "<group>";
		};
		8DC28BE12AD0488700854348 /* Detail */ = {
			isa = PBXGroup;
			children = (
				8DC28BE22AD0489700854348 /* BirthConstellationDetailVC.swift */,
			);
			path = Detail;
			sourceTree = "<group>";
		};
		8DCBB80E2B35CFB100E37861 /* Nebula */ = {
			isa = PBXGroup;
			children = (
				8D8A6E4D2B369E8300E4412C /* Nebula.swift */,
				8DCBB80F2B35CFBE00E37861 /* NebulaVC.swift */,
				8DCBB8112B35D1EA00E37861 /* CollectionViewCell */,
			);
			path = Nebula;
			sourceTree = "<group>";
		};
		8DCBB8112B35D1EA00E37861 /* CollectionViewCell */ = {
			isa = PBXGroup;
			children = (
				8DCBB8142B35D33C00E37861 /* NebulaDescriptionCollectionViewCell.swift */,
				8D8A6E482B369A2C00E4412C /* NebulaCollectionViewCell.swift */,
			);
			path = CollectionViewCell;
			sourceTree = "<group>";
		};
		8DEACCC629C72E740043DA10 /* TableView */ = {
			isa = PBXGroup;
			children = (
				8DEACCC429C71DA40043DA10 /* HomeTableViewHeaderView.swift */,
				8D871F0929C3595F00FE4528 /* HomeTableViewCell.swift */,
			);
			path = TableView;
			sourceTree = "<group>";
		};
		8DEACCC729C72E810043DA10 /* CollectionView */ = {
			isa = PBXGroup;
			children = (
				8DEACCC829C72E9D0043DA10 /* SolarSystemCollectionCell.swift */,
				8D238C842ACA668800D3DFDD /* ConstellationCollectionCell.swift */,
			);
			path = CollectionView;
			sourceTree = "<group>";
		};
		8DEFA09629BE1899004982CA /* TabBar */ = {
			isa = PBXGroup;
			children = (
				8D29AB4729B4691B00AD5072 /* MyUniTabBarController.swift */,
				8D12DA9C2A7F7AEE00B2C190 /* MyUniCustomTabBar.swift */,
				8D12DA9A2A7F75E900B2C190 /* CustomTabBarItem.swift */,
				8D12DAA12A7F7EB000B2C190 /* CustomItemView.swift */,
			);
			path = TabBar;
			sourceTree = "<group>";
		};
		8DEFA09829BE18B4004982CA /* Scene */ = {
			isa = PBXGroup;
			children = (
				8D8A6E552B396B6B00E4412C /* Galaxy */,
				8D871F0329C3534500FE4528 /* Home */,
				8D238C862ACAB5A300D3DFDD /* Constellation */,
				8DF78BFC2B2C14970007DD20 /* Planets */,
				8D4A322B2B34692000623CF9 /* Asteroid */,
				8DCBB80E2B35CFB100E37861 /* Nebula */,
				8D37D8082B318AC40081807C /* Sun */,
				8D12DAA72A7F88D400B2C190 /* Menu */,
			);
			path = Scene;
			sourceTree = "<group>";
		};
		8DF78BFC2B2C14970007DD20 /* Planets */ = {
			isa = PBXGroup;
			children = (
				8DF78C002B2C1E800007DD20 /* Planets.swift */,
				8DF78BFD2B2C14B80007DD20 /* PlanetsVC.swift */,
				8DD99A612B2F35C4006D6532 /* PlanetCollectionViewCell.swift */,
			);
			path = Planets;
			sourceTree = "<group>";
		};
		8DF941132B27337A00452292 /* Resource */ = {
			isa = PBXGroup;
			children = (
				8D29AB2229B45F2200AD5072 /* LaunchScreen.storyboard */,
				8D29AB2029B45F2200AD5072 /* Image.xcassets */,
				8DF941112B27336900452292 /* Color.xcassets */,
			);
			path = Resource;
			sourceTree = "<group>";
		};
/* End PBXGroup section */

/* Begin PBXNativeTarget section */
		8D29AB1329B45F2100AD5072 /* MyUniverse */ = {
			isa = PBXNativeTarget;
			buildConfigurationList = 8D29AB3E29B45F2200AD5072 /* Build configuration list for PBXNativeTarget "MyUniverse" */;
			buildPhases = (
				8D29AB1029B45F2100AD5072 /* Sources */,
				8D29AB1129B45F2100AD5072 /* Frameworks */,
				8D29AB1229B45F2100AD5072 /* Resources */,
				8DC2CDF42ABC6681008CB2B6 /* Run Script */,
			);
			buildRules = (
			);
			dependencies = (
				8DF9411A2B27345700452292 /* PBXTargetDependency */,
			);
			name = MyUniverse;
			packageProductDependencies = (
				8DEFA09429BE0C60004982CA /* SnapKit */,
				8D12DA9F2A7F7C5E00B2C190 /* CombineCocoa */,
				8D25A5142ABEB0F500F71B04 /* ComposableArchitecture */,
				8D238C7F2ACA490A00D3DFDD /* FlexLayout */,
				8D238C822ACA493800D3DFDD /* PinLayout */,
				8D2110F82AF64556006F517E /* DesignSystem */,
				8DF941152B2733BB00452292 /* RswiftLibrary */,
				8DF941172B2733BB00452292 /* rswift */,
			);
			productName = MyUniverse;
			productReference = 8D29AB1429B45F2100AD5072 /* MyUniverse.app */;
			productType = "com.apple.product-type.application";
		};
		8D29AB2929B45F2200AD5072 /* MyUniverseTests */ = {
			isa = PBXNativeTarget;
			buildConfigurationList = 8D29AB4129B45F2200AD5072 /* Build configuration list for PBXNativeTarget "MyUniverseTests" */;
			buildPhases = (
				8D29AB2629B45F2200AD5072 /* Sources */,
				8D29AB2729B45F2200AD5072 /* Frameworks */,
				8D29AB2829B45F2200AD5072 /* Resources */,
			);
			buildRules = (
			);
			dependencies = (
				8D29AB2C29B45F2200AD5072 /* PBXTargetDependency */,
			);
			name = MyUniverseTests;
			productName = MyUniverseTests;
			productReference = 8D29AB2A29B45F2200AD5072 /* MyUniverseTests.xctest */;
			productType = "com.apple.product-type.bundle.unit-test";
		};
		8D29AB3329B45F2200AD5072 /* MyUniverseUITests */ = {
			isa = PBXNativeTarget;
			buildConfigurationList = 8D29AB4429B45F2200AD5072 /* Build configuration list for PBXNativeTarget "MyUniverseUITests" */;
			buildPhases = (
				8D29AB3029B45F2200AD5072 /* Sources */,
				8D29AB3129B45F2200AD5072 /* Frameworks */,
				8D29AB3229B45F2200AD5072 /* Resources */,
			);
			buildRules = (
			);
			dependencies = (
				8D29AB3629B45F2200AD5072 /* PBXTargetDependency */,
			);
			name = MyUniverseUITests;
			productName = MyUniverseUITests;
			productReference = 8D29AB3429B45F2200AD5072 /* MyUniverseUITests.xctest */;
			productType = "com.apple.product-type.bundle.ui-testing";
		};
/* End PBXNativeTarget section */

/* Begin PBXProject section */
		8D29AB0C29B45F2100AD5072 /* Project object */ = {
			isa = PBXProject;
			attributes = {
				BuildIndependentTargetsInParallel = 1;
				LastSwiftUpdateCheck = 1420;
				LastUpgradeCheck = 1420;
				TargetAttributes = {
					8D29AB1329B45F2100AD5072 = {
						CreatedOnToolsVersion = 14.2;
					};
					8D29AB2929B45F2200AD5072 = {
						CreatedOnToolsVersion = 14.2;
						TestTargetID = 8D29AB1329B45F2100AD5072;
					};
					8D29AB3329B45F2200AD5072 = {
						CreatedOnToolsVersion = 14.2;
						TestTargetID = 8D29AB1329B45F2100AD5072;
					};
				};
			};
			buildConfigurationList = 8D29AB0F29B45F2100AD5072 /* Build configuration list for PBXProject "MyUniverse" */;
			compatibilityVersion = "Xcode 14.0";
			developmentRegion = en;
			hasScannedForEncodings = 0;
			knownRegions = (
				en,
				Base,
			);
			mainGroup = 8D29AB0B29B45F2100AD5072;
			packageReferences = (
				8DEFA09329BE0C60004982CA /* XCRemoteSwiftPackageReference "SnapKit" */,
				8D12DA9E2A7F7C5E00B2C190 /* XCRemoteSwiftPackageReference "CombineCocoa" */,
				8D25A5132ABEB0F500F71B04 /* XCRemoteSwiftPackageReference "swift-composable-architecture" */,
				8D238C7E2ACA490A00D3DFDD /* XCRemoteSwiftPackageReference "FlexLayout" */,
				8D238C812ACA493800D3DFDD /* XCRemoteSwiftPackageReference "PinLayout" */,
				8DF941142B2733BB00452292 /* XCRemoteSwiftPackageReference "R" */,
			);
			productRefGroup = 8D29AB1529B45F2100AD5072 /* Products */;
			projectDirPath = "";
			projectRoot = "";
			targets = (
				8D29AB1329B45F2100AD5072 /* MyUniverse */,
				8D29AB2929B45F2200AD5072 /* MyUniverseTests */,
				8D29AB3329B45F2200AD5072 /* MyUniverseUITests */,
			);
		};
/* End PBXProject section */

/* Begin PBXResourcesBuildPhase section */
		8D29AB1229B45F2100AD5072 /* Resources */ = {
			isa = PBXResourcesBuildPhase;
			buildActionMask = 2147483647;
			files = (
				8DC2CDF62ABC6D58008CB2B6 /* .swiftlint.yml in Resources */,
				8DF941122B27336900452292 /* Color.xcassets in Resources */,
				8D29AB2429B45F2200AD5072 /* LaunchScreen.storyboard in Resources */,
				8D29AB2129B45F2200AD5072 /* Image.xcassets in Resources */,
			);
			runOnlyForDeploymentPostprocessing = 0;
		};
		8D29AB2829B45F2200AD5072 /* Resources */ = {
			isa = PBXResourcesBuildPhase;
			buildActionMask = 2147483647;
			files = (
			);
			runOnlyForDeploymentPostprocessing = 0;
		};
		8D29AB3229B45F2200AD5072 /* Resources */ = {
			isa = PBXResourcesBuildPhase;
			buildActionMask = 2147483647;
			files = (
			);
			runOnlyForDeploymentPostprocessing = 0;
		};
/* End PBXResourcesBuildPhase section */

/* Begin PBXShellScriptBuildPhase section */
		8DC2CDF42ABC6681008CB2B6 /* Run Script */ = {
			isa = PBXShellScriptBuildPhase;
			buildActionMask = 2147483647;
			files = (
			);
			inputFileListPaths = (
			);
			inputPaths = (
			);
			name = "Run Script";
			outputFileListPaths = (
			);
			outputPaths = (
			);
			runOnlyForDeploymentPostprocessing = 0;
			shellPath = /bin/sh;
			shellScript = "# Type a script or drag a script file from your workspace to insert its path.\nexport PATH=\"$PATH:/opt/homebrew/bin\"\nif which swiftlint > /dev/null; then\n  swiftlint\nelse\n  echo \"warning: SwiftLint not installed, download from https://github.com/realm/SwiftLint\"\nfi\n";
		};
/* End PBXShellScriptBuildPhase section */

/* Begin PBXSourcesBuildPhase section */
		8D29AB1029B45F2100AD5072 /* Sources */ = {
			isa = PBXSourcesBuildPhase;
			buildActionMask = 2147483647;
			files = (
				8D12DA982A7F481F00B2C190 /* Array+.swift in Sources */,
				8DCBB8102B35CFBE00E37861 /* NebulaVC.swift in Sources */,
				8DF78C012B2C1E800007DD20 /* Planets.swift in Sources */,
				8D29AB4829B4691B00AD5072 /* MyUniTabBarController.swift in Sources */,
				8DD99A602B2F2B2B006D6532 /* Planet.swift in Sources */,
				8D238D682ACC5A6900D3DFDD /* BirthConstellationVC.swift in Sources */,
				8D44C0C42B248DBC00775B65 /* SeasonConstellationCollectionCell.swift in Sources */,
				8D5A08932B14C5CC00960B86 /* UIViewControllerPreview.swift in Sources */,
				8D12DAA62A7F847400B2C190 /* UIStackView+.swift in Sources */,
				8D5A08952B14DB2500960B86 /* UIViewController+.swift in Sources */,
				8DEFA09C29BE1A39004982CA /* MyUniVC.swift in Sources */,
				8D5A08912B14C45E00960B86 /* UIViewPreview.swift in Sources */,
				8DEACCC929C72E9D0043DA10 /* SolarSystemCollectionCell.swift in Sources */,
				8D12DAA42A7F81FC00B2C190 /* UIView+.swift in Sources */,
				8DCBB8152B35D33C00E37861 /* NebulaDescriptionCollectionViewCell.swift in Sources */,
				8D12DA972A7F481F00B2C190 /* TableView+.swift in Sources */,
				8D12DAA92A7F88EB00B2C190 /* MenuVC.swift in Sources */,
				8DEACCC529C71DA40043DA10 /* HomeTableViewHeaderView.swift in Sources */,
				8DD99A622B2F35C4006D6532 /* PlanetCollectionViewCell.swift in Sources */,
				8D29AB1829B45F2100AD5072 /* AppDelegate.swift in Sources */,
				8D12DAA22A7F7EB000B2C190 /* CustomItemView.swift in Sources */,
				8DEFA09E29BE1A65004982CA /* MyUniNaviVC.swift in Sources */,
				8D8A6E4E2B369E8300E4412C /* Nebula.swift in Sources */,
				8D25A51C2ABEC67900F71B04 /* TCABaseVC.swift in Sources */,
				8D4A322E2B34694200623CF9 /* AsteroidVC.swift in Sources */,
				8DC28BE32AD0489700854348 /* BirthConstellationDetailVC.swift in Sources */,
				8D12DA9B2A7F75E900B2C190 /* CustomTabBarItem.swift in Sources */,
				8DF78BFE2B2C14B80007DD20 /* PlanetsVC.swift in Sources */,
				8D8A6E572B397B3900E4412C /* Galaxy.swift in Sources */,
				8D44C0BD2B24822700775B65 /* SeasonConstellationVC.swift in Sources */,
				8D238D662ACC55AA00D3DFDD /* BirthConstellationCollectionCell.swift in Sources */,
				8D238C852ACA668800D3DFDD /* ConstellationCollectionCell.swift in Sources */,
				8D25A5182ABEBB5800F71B04 /* Universe.swift in Sources */,
				8D44C0BF2B2483DD00775B65 /* SeasonConstellations.swift in Sources */,
				8D12DA9D2A7F7AEE00B2C190 /* MyUniCustomTabBar.swift in Sources */,
				8D871F0A29C3595F00FE4528 /* HomeTableViewCell.swift in Sources */,
				8DEFA0A029BE1E56004982CA /* HomeVC.swift in Sources */,
				8D8A6E492B369A2C00E4412C /* NebulaCollectionViewCell.swift in Sources */,
				8D12DA992A7F481F00B2C190 /* CollectionView+.swift in Sources */,
				8D37D80A2B318ACC0081807C /* SunVC.swift in Sources */,
				8D8A6E5A2B39A97A00E4412C /* GalaxyVC.swift in Sources */,
				8D44C0C12B248BB900775B65 /* SeasonConstellation.swift in Sources */,
				8D8A6E502B3828FA00E4412C /* NebulaModel.swift in Sources */,
				8D238D612ACC236C00D3DFDD /* BirthConstellation.swift in Sources */,
				8D29AB1A29B45F2100AD5072 /* SceneDelegate.swift in Sources */,
				8DC28BE52AD04A6800854348 /* BirthConstellations.swift in Sources */,
			);
			runOnlyForDeploymentPostprocessing = 0;
		};
		8D29AB2629B45F2200AD5072 /* Sources */ = {
			isa = PBXSourcesBuildPhase;
			buildActionMask = 2147483647;
			files = (
				8D29AB2F29B45F2200AD5072 /* MyUniverseTests.swift in Sources */,
			);
			runOnlyForDeploymentPostprocessing = 0;
		};
		8D29AB3029B45F2200AD5072 /* Sources */ = {
			isa = PBXSourcesBuildPhase;
			buildActionMask = 2147483647;
			files = (
				8D29AB3929B45F2200AD5072 /* MyUniverseUITests.swift in Sources */,
				8D29AB3B29B45F2200AD5072 /* MyUniverseUITestsLaunchTests.swift in Sources */,
			);
			runOnlyForDeploymentPostprocessing = 0;
		};
/* End PBXSourcesBuildPhase section */

/* Begin PBXTargetDependency section */
		8D29AB2C29B45F2200AD5072 /* PBXTargetDependency */ = {
			isa = PBXTargetDependency;
			target = 8D29AB1329B45F2100AD5072 /* MyUniverse */;
			targetProxy = 8D29AB2B29B45F2200AD5072 /* PBXContainerItemProxy */;
		};
		8D29AB3629B45F2200AD5072 /* PBXTargetDependency */ = {
			isa = PBXTargetDependency;
			target = 8D29AB1329B45F2100AD5072 /* MyUniverse */;
			targetProxy = 8D29AB3529B45F2200AD5072 /* PBXContainerItemProxy */;
		};
		8DF9411A2B27345700452292 /* PBXTargetDependency */ = {
			isa = PBXTargetDependency;
			productRef = 8DF941192B27345700452292 /* RswiftGenerateInternalResources */;
		};
/* End PBXTargetDependency section */

/* Begin PBXVariantGroup section */
		8D29AB2229B45F2200AD5072 /* LaunchScreen.storyboard */ = {
			isa = PBXVariantGroup;
			children = (
				8D29AB2329B45F2200AD5072 /* Base */,
			);
			name = LaunchScreen.storyboard;
			sourceTree = "<group>";
		};
/* End PBXVariantGroup section */

/* Begin XCBuildConfiguration section */
		8D29AB3C29B45F2200AD5072 /* Debug */ = {
			isa = XCBuildConfiguration;
			buildSettings = {
				ALWAYS_SEARCH_USER_PATHS = NO;
				CLANG_ANALYZER_NONNULL = YES;
				CLANG_ANALYZER_NUMBER_OBJECT_CONVERSION = YES_AGGRESSIVE;
				CLANG_CXX_LANGUAGE_STANDARD = "gnu++20";
				CLANG_ENABLE_MODULES = YES;
				CLANG_ENABLE_OBJC_ARC = YES;
				CLANG_ENABLE_OBJC_WEAK = YES;
				CLANG_WARN_BLOCK_CAPTURE_AUTORELEASING = YES;
				CLANG_WARN_BOOL_CONVERSION = YES;
				CLANG_WARN_COMMA = YES;
				CLANG_WARN_CONSTANT_CONVERSION = YES;
				CLANG_WARN_DEPRECATED_OBJC_IMPLEMENTATIONS = YES;
				CLANG_WARN_DIRECT_OBJC_ISA_USAGE = YES_ERROR;
				CLANG_WARN_DOCUMENTATION_COMMENTS = YES;
				CLANG_WARN_EMPTY_BODY = YES;
				CLANG_WARN_ENUM_CONVERSION = YES;
				CLANG_WARN_INFINITE_RECURSION = YES;
				CLANG_WARN_INT_CONVERSION = YES;
				CLANG_WARN_NON_LITERAL_NULL_CONVERSION = YES;
				CLANG_WARN_OBJC_IMPLICIT_RETAIN_SELF = YES;
				CLANG_WARN_OBJC_LITERAL_CONVERSION = YES;
				CLANG_WARN_OBJC_ROOT_CLASS = YES_ERROR;
				CLANG_WARN_QUOTED_INCLUDE_IN_FRAMEWORK_HEADER = YES;
				CLANG_WARN_RANGE_LOOP_ANALYSIS = YES;
				CLANG_WARN_STRICT_PROTOTYPES = YES;
				CLANG_WARN_SUSPICIOUS_MOVE = YES;
				CLANG_WARN_UNGUARDED_AVAILABILITY = YES_AGGRESSIVE;
				CLANG_WARN_UNREACHABLE_CODE = YES;
				CLANG_WARN__DUPLICATE_METHOD_MATCH = YES;
				COPY_PHASE_STRIP = NO;
				DEBUG_INFORMATION_FORMAT = dwarf;
				ENABLE_STRICT_OBJC_MSGSEND = YES;
				ENABLE_TESTABILITY = YES;
				GCC_C_LANGUAGE_STANDARD = gnu11;
				GCC_DYNAMIC_NO_PIC = NO;
				GCC_NO_COMMON_BLOCKS = YES;
				GCC_OPTIMIZATION_LEVEL = 0;
				GCC_PREPROCESSOR_DEFINITIONS = (
					"DEBUG=1",
					"$(inherited)",
				);
				GCC_WARN_64_TO_32_BIT_CONVERSION = YES;
				GCC_WARN_ABOUT_RETURN_TYPE = YES_ERROR;
				GCC_WARN_UNDECLARED_SELECTOR = YES;
				GCC_WARN_UNINITIALIZED_AUTOS = YES_AGGRESSIVE;
				GCC_WARN_UNUSED_FUNCTION = YES;
				GCC_WARN_UNUSED_VARIABLE = YES;
				IPHONEOS_DEPLOYMENT_TARGET = 15.0;
				MTL_ENABLE_DEBUG_INFO = INCLUDE_SOURCE;
				MTL_FAST_MATH = YES;
				ONLY_ACTIVE_ARCH = YES;
				SDKROOT = iphoneos;
				SWIFT_ACTIVE_COMPILATION_CONDITIONS = DEBUG;
				SWIFT_OPTIMIZATION_LEVEL = "-Onone";
			};
			name = Debug;
		};
		8D29AB3D29B45F2200AD5072 /* Release */ = {
			isa = XCBuildConfiguration;
			buildSettings = {
				ALWAYS_SEARCH_USER_PATHS = NO;
				CLANG_ANALYZER_NONNULL = YES;
				CLANG_ANALYZER_NUMBER_OBJECT_CONVERSION = YES_AGGRESSIVE;
				CLANG_CXX_LANGUAGE_STANDARD = "gnu++20";
				CLANG_ENABLE_MODULES = YES;
				CLANG_ENABLE_OBJC_ARC = YES;
				CLANG_ENABLE_OBJC_WEAK = YES;
				CLANG_WARN_BLOCK_CAPTURE_AUTORELEASING = YES;
				CLANG_WARN_BOOL_CONVERSION = YES;
				CLANG_WARN_COMMA = YES;
				CLANG_WARN_CONSTANT_CONVERSION = YES;
				CLANG_WARN_DEPRECATED_OBJC_IMPLEMENTATIONS = YES;
				CLANG_WARN_DIRECT_OBJC_ISA_USAGE = YES_ERROR;
				CLANG_WARN_DOCUMENTATION_COMMENTS = YES;
				CLANG_WARN_EMPTY_BODY = YES;
				CLANG_WARN_ENUM_CONVERSION = YES;
				CLANG_WARN_INFINITE_RECURSION = YES;
				CLANG_WARN_INT_CONVERSION = YES;
				CLANG_WARN_NON_LITERAL_NULL_CONVERSION = YES;
				CLANG_WARN_OBJC_IMPLICIT_RETAIN_SELF = YES;
				CLANG_WARN_OBJC_LITERAL_CONVERSION = YES;
				CLANG_WARN_OBJC_ROOT_CLASS = YES_ERROR;
				CLANG_WARN_QUOTED_INCLUDE_IN_FRAMEWORK_HEADER = YES;
				CLANG_WARN_RANGE_LOOP_ANALYSIS = YES;
				CLANG_WARN_STRICT_PROTOTYPES = YES;
				CLANG_WARN_SUSPICIOUS_MOVE = YES;
				CLANG_WARN_UNGUARDED_AVAILABILITY = YES_AGGRESSIVE;
				CLANG_WARN_UNREACHABLE_CODE = YES;
				CLANG_WARN__DUPLICATE_METHOD_MATCH = YES;
				COPY_PHASE_STRIP = NO;
				DEBUG_INFORMATION_FORMAT = "dwarf-with-dsym";
				ENABLE_NS_ASSERTIONS = NO;
				ENABLE_STRICT_OBJC_MSGSEND = YES;
				GCC_C_LANGUAGE_STANDARD = gnu11;
				GCC_NO_COMMON_BLOCKS = YES;
				GCC_WARN_64_TO_32_BIT_CONVERSION = YES;
				GCC_WARN_ABOUT_RETURN_TYPE = YES_ERROR;
				GCC_WARN_UNDECLARED_SELECTOR = YES;
				GCC_WARN_UNINITIALIZED_AUTOS = YES_AGGRESSIVE;
				GCC_WARN_UNUSED_FUNCTION = YES;
				GCC_WARN_UNUSED_VARIABLE = YES;
				IPHONEOS_DEPLOYMENT_TARGET = 15.0;
				MTL_ENABLE_DEBUG_INFO = NO;
				MTL_FAST_MATH = YES;
				SDKROOT = iphoneos;
				SWIFT_COMPILATION_MODE = wholemodule;
				SWIFT_OPTIMIZATION_LEVEL = "-O";
				VALIDATE_PRODUCT = YES;
			};
			name = Release;
		};
		8D29AB3F29B45F2200AD5072 /* Debug */ = {
			isa = XCBuildConfiguration;
			buildSettings = {
				ASSETCATALOG_COMPILER_APPICON_NAME = AppIcon;
				ASSETCATALOG_COMPILER_GLOBAL_ACCENT_COLOR_NAME = AccentColor;
				CODE_SIGN_STYLE = Automatic;
				CURRENT_PROJECT_VERSION = 1;
				DEVELOPMENT_TEAM = GMHUACJXLZ;
				"GCC_PREPROCESSOR_DEFINITIONS[arch=*]" = "FLEXLAYOUT_SWIFT_PACKAGE=1";
				GENERATE_INFOPLIST_FILE = YES;
				INFOPLIST_FILE = MyUniverse/Info.plist;
				INFOPLIST_KEY_CFBundleDisplayName = "My Universe";
				INFOPLIST_KEY_UIApplicationSupportsIndirectInputEvents = YES;
				INFOPLIST_KEY_UILaunchStoryboardName = LaunchScreen;
				INFOPLIST_KEY_UISupportedInterfaceOrientations_iPad = "UIInterfaceOrientationPortrait UIInterfaceOrientationPortraitUpsideDown UIInterfaceOrientationLandscapeLeft UIInterfaceOrientationLandscapeRight";
				INFOPLIST_KEY_UISupportedInterfaceOrientations_iPhone = "UIInterfaceOrientationPortrait UIInterfaceOrientationLandscapeLeft UIInterfaceOrientationLandscapeRight";
				IPHONEOS_DEPLOYMENT_TARGET = 15.0;
				LD_RUNPATH_SEARCH_PATHS = (
					"$(inherited)",
					"@executable_path/Frameworks",
				);
				MARKETING_VERSION = 1.0;
				PRODUCT_BUNDLE_IDENTIFIER = com.lonalia.MyUniverse;
				PRODUCT_NAME = "$(TARGET_NAME)";
				SWIFT_EMIT_LOC_STRINGS = YES;
				SWIFT_VERSION = 5.0;
				TARGETED_DEVICE_FAMILY = "1,2";
			};
			name = Debug;
		};
		8D29AB4029B45F2200AD5072 /* Release */ = {
			isa = XCBuildConfiguration;
			buildSettings = {
				ASSETCATALOG_COMPILER_APPICON_NAME = AppIcon;
				ASSETCATALOG_COMPILER_GLOBAL_ACCENT_COLOR_NAME = AccentColor;
				CODE_SIGN_STYLE = Automatic;
				CURRENT_PROJECT_VERSION = 1;
				DEVELOPMENT_TEAM = GMHUACJXLZ;
				"GCC_PREPROCESSOR_DEFINITIONS[arch=*]" = "FLEXLAYOUT_SWIFT_PACKAGE=1";
				GENERATE_INFOPLIST_FILE = YES;
				INFOPLIST_FILE = MyUniverse/Info.plist;
				INFOPLIST_KEY_CFBundleDisplayName = "My Universe";
				INFOPLIST_KEY_UIApplicationSupportsIndirectInputEvents = YES;
				INFOPLIST_KEY_UILaunchStoryboardName = LaunchScreen;
				INFOPLIST_KEY_UISupportedInterfaceOrientations_iPad = "UIInterfaceOrientationPortrait UIInterfaceOrientationPortraitUpsideDown UIInterfaceOrientationLandscapeLeft UIInterfaceOrientationLandscapeRight";
				INFOPLIST_KEY_UISupportedInterfaceOrientations_iPhone = "UIInterfaceOrientationPortrait UIInterfaceOrientationLandscapeLeft UIInterfaceOrientationLandscapeRight";
				IPHONEOS_DEPLOYMENT_TARGET = 15.0;
				LD_RUNPATH_SEARCH_PATHS = (
					"$(inherited)",
					"@executable_path/Frameworks",
				);
				MARKETING_VERSION = 1.0;
				PRODUCT_BUNDLE_IDENTIFIER = com.lonalia.MyUniverse;
				PRODUCT_NAME = "$(TARGET_NAME)";
				SWIFT_EMIT_LOC_STRINGS = YES;
				SWIFT_VERSION = 5.0;
				TARGETED_DEVICE_FAMILY = "1,2";
			};
			name = Release;
		};
		8D29AB4229B45F2200AD5072 /* Debug */ = {
			isa = XCBuildConfiguration;
			buildSettings = {
				ALWAYS_EMBED_SWIFT_STANDARD_LIBRARIES = YES;
				BUNDLE_LOADER = "$(TEST_HOST)";
				CODE_SIGN_STYLE = Automatic;
				CURRENT_PROJECT_VERSION = 1;
				DEVELOPMENT_TEAM = GMHUACJXLZ;
				GENERATE_INFOPLIST_FILE = YES;
				IPHONEOS_DEPLOYMENT_TARGET = 15.0;
				MARKETING_VERSION = 1.0;
				PRODUCT_BUNDLE_IDENTIFIER = com.lonalia.MyUniverseTests;
				PRODUCT_NAME = "$(TARGET_NAME)";
				SWIFT_EMIT_LOC_STRINGS = NO;
				SWIFT_VERSION = 5.0;
				TARGETED_DEVICE_FAMILY = "1,2";
				TEST_HOST = "$(BUILT_PRODUCTS_DIR)/MyUniverse.app/$(BUNDLE_EXECUTABLE_FOLDER_PATH)/MyUniverse";
			};
			name = Debug;
		};
		8D29AB4329B45F2200AD5072 /* Release */ = {
			isa = XCBuildConfiguration;
			buildSettings = {
				ALWAYS_EMBED_SWIFT_STANDARD_LIBRARIES = YES;
				BUNDLE_LOADER = "$(TEST_HOST)";
				CODE_SIGN_STYLE = Automatic;
				CURRENT_PROJECT_VERSION = 1;
				DEVELOPMENT_TEAM = GMHUACJXLZ;
				GENERATE_INFOPLIST_FILE = YES;
				IPHONEOS_DEPLOYMENT_TARGET = 15.0;
				MARKETING_VERSION = 1.0;
				PRODUCT_BUNDLE_IDENTIFIER = com.lonalia.MyUniverseTests;
				PRODUCT_NAME = "$(TARGET_NAME)";
				SWIFT_EMIT_LOC_STRINGS = NO;
				SWIFT_VERSION = 5.0;
				TARGETED_DEVICE_FAMILY = "1,2";
				TEST_HOST = "$(BUILT_PRODUCTS_DIR)/MyUniverse.app/$(BUNDLE_EXECUTABLE_FOLDER_PATH)/MyUniverse";
			};
			name = Release;
		};
		8D29AB4529B45F2200AD5072 /* Debug */ = {
			isa = XCBuildConfiguration;
			buildSettings = {
				ALWAYS_EMBED_SWIFT_STANDARD_LIBRARIES = YES;
				CODE_SIGN_STYLE = Automatic;
				CURRENT_PROJECT_VERSION = 1;
				DEVELOPMENT_TEAM = GMHUACJXLZ;
				GENERATE_INFOPLIST_FILE = YES;
				MARKETING_VERSION = 1.0;
				PRODUCT_BUNDLE_IDENTIFIER = com.lonalia.MyUniverseUITests;
				PRODUCT_NAME = "$(TARGET_NAME)";
				SWIFT_EMIT_LOC_STRINGS = NO;
				SWIFT_VERSION = 5.0;
				TARGETED_DEVICE_FAMILY = "1,2";
				TEST_TARGET_NAME = MyUniverse;
			};
			name = Debug;
		};
		8D29AB4629B45F2200AD5072 /* Release */ = {
			isa = XCBuildConfiguration;
			buildSettings = {
				ALWAYS_EMBED_SWIFT_STANDARD_LIBRARIES = YES;
				CODE_SIGN_STYLE = Automatic;
				CURRENT_PROJECT_VERSION = 1;
				DEVELOPMENT_TEAM = GMHUACJXLZ;
				GENERATE_INFOPLIST_FILE = YES;
				MARKETING_VERSION = 1.0;
				PRODUCT_BUNDLE_IDENTIFIER = com.lonalia.MyUniverseUITests;
				PRODUCT_NAME = "$(TARGET_NAME)";
				SWIFT_EMIT_LOC_STRINGS = NO;
				SWIFT_VERSION = 5.0;
				TARGETED_DEVICE_FAMILY = "1,2";
				TEST_TARGET_NAME = MyUniverse;
			};
			name = Release;
		};
/* End XCBuildConfiguration section */

/* Begin XCConfigurationList section */
		8D29AB0F29B45F2100AD5072 /* Build configuration list for PBXProject "MyUniverse" */ = {
			isa = XCConfigurationList;
			buildConfigurations = (
				8D29AB3C29B45F2200AD5072 /* Debug */,
				8D29AB3D29B45F2200AD5072 /* Release */,
			);
			defaultConfigurationIsVisible = 0;
			defaultConfigurationName = Release;
		};
		8D29AB3E29B45F2200AD5072 /* Build configuration list for PBXNativeTarget "MyUniverse" */ = {
			isa = XCConfigurationList;
			buildConfigurations = (
				8D29AB3F29B45F2200AD5072 /* Debug */,
				8D29AB4029B45F2200AD5072 /* Release */,
			);
			defaultConfigurationIsVisible = 0;
			defaultConfigurationName = Release;
		};
		8D29AB4129B45F2200AD5072 /* Build configuration list for PBXNativeTarget "MyUniverseTests" */ = {
			isa = XCConfigurationList;
			buildConfigurations = (
				8D29AB4229B45F2200AD5072 /* Debug */,
				8D29AB4329B45F2200AD5072 /* Release */,
			);
			defaultConfigurationIsVisible = 0;
			defaultConfigurationName = Release;
		};
		8D29AB4429B45F2200AD5072 /* Build configuration list for PBXNativeTarget "MyUniverseUITests" */ = {
			isa = XCConfigurationList;
			buildConfigurations = (
				8D29AB4529B45F2200AD5072 /* Debug */,
				8D29AB4629B45F2200AD5072 /* Release */,
			);
			defaultConfigurationIsVisible = 0;
			defaultConfigurationName = Release;
		};
/* End XCConfigurationList section */

/* Begin XCRemoteSwiftPackageReference section */
		8D12DA9E2A7F7C5E00B2C190 /* XCRemoteSwiftPackageReference "CombineCocoa" */ = {
			isa = XCRemoteSwiftPackageReference;
			repositoryURL = "https://github.com/CombineCommunity/CombineCocoa";
			requirement = {
				kind = upToNextMajorVersion;
				minimumVersion = 0.4.1;
			};
		};
		8D238C7E2ACA490A00D3DFDD /* XCRemoteSwiftPackageReference "FlexLayout" */ = {
			isa = XCRemoteSwiftPackageReference;
			repositoryURL = "https://github.com/layoutBox/FlexLayout";
			requirement = {
				kind = upToNextMajorVersion;
				minimumVersion = 2.0.0;
			};
		};
		8D238C812ACA493800D3DFDD /* XCRemoteSwiftPackageReference "PinLayout" */ = {
			isa = XCRemoteSwiftPackageReference;
			repositoryURL = "https://github.com/layoutBox/PinLayout";
			requirement = {
				kind = upToNextMajorVersion;
				minimumVersion = 1.0.0;
			};
		};
		8D25A5132ABEB0F500F71B04 /* XCRemoteSwiftPackageReference "swift-composable-architecture" */ = {
			isa = XCRemoteSwiftPackageReference;
			repositoryURL = "https://github.com/pointfreeco/swift-composable-architecture";
			requirement = {
				kind = upToNextMajorVersion;
				minimumVersion = 1.0.0;
			};
		};
		8DEFA09329BE0C60004982CA /* XCRemoteSwiftPackageReference "SnapKit" */ = {
			isa = XCRemoteSwiftPackageReference;
			repositoryURL = "https://github.com/SnapKit/SnapKit";
			requirement = {
				kind = upToNextMinorVersion;
				minimumVersion = 5.6.0;
			};
		};
		8DF941142B2733BB00452292 /* XCRemoteSwiftPackageReference "R" */ = {
			isa = XCRemoteSwiftPackageReference;
			repositoryURL = "https://github.com/mac-cain13/R.swift";
			requirement = {
				kind = upToNextMajorVersion;
				minimumVersion = 7.4.0;
			};
		};
/* End XCRemoteSwiftPackageReference section */

/* Begin XCSwiftPackageProductDependency section */
		8D12DA9F2A7F7C5E00B2C190 /* CombineCocoa */ = {
			isa = XCSwiftPackageProductDependency;
			package = 8D12DA9E2A7F7C5E00B2C190 /* XCRemoteSwiftPackageReference "CombineCocoa" */;
			productName = CombineCocoa;
		};
		8D2110F82AF64556006F517E /* DesignSystem */ = {
			isa = XCSwiftPackageProductDependency;
			productName = DesignSystem;
		};
		8D238C7F2ACA490A00D3DFDD /* FlexLayout */ = {
			isa = XCSwiftPackageProductDependency;
			package = 8D238C7E2ACA490A00D3DFDD /* XCRemoteSwiftPackageReference "FlexLayout" */;
			productName = FlexLayout;
		};
		8D238C822ACA493800D3DFDD /* PinLayout */ = {
			isa = XCSwiftPackageProductDependency;
			package = 8D238C812ACA493800D3DFDD /* XCRemoteSwiftPackageReference "PinLayout" */;
			productName = PinLayout;
		};
		8D25A5142ABEB0F500F71B04 /* ComposableArchitecture */ = {
			isa = XCSwiftPackageProductDependency;
			package = 8D25A5132ABEB0F500F71B04 /* XCRemoteSwiftPackageReference "swift-composable-architecture" */;
			productName = ComposableArchitecture;
		};
		8DEFA09429BE0C60004982CA /* SnapKit */ = {
			isa = XCSwiftPackageProductDependency;
			package = 8DEFA09329BE0C60004982CA /* XCRemoteSwiftPackageReference "SnapKit" */;
			productName = SnapKit;
		};
		8DF941152B2733BB00452292 /* RswiftLibrary */ = {
			isa = XCSwiftPackageProductDependency;
			package = 8DF941142B2733BB00452292 /* XCRemoteSwiftPackageReference "R" */;
			productName = RswiftLibrary;
		};
		8DF941172B2733BB00452292 /* rswift */ = {
			isa = XCSwiftPackageProductDependency;
			package = 8DF941142B2733BB00452292 /* XCRemoteSwiftPackageReference "R" */;
			productName = rswift;
		};
		8DF941192B27345700452292 /* RswiftGenerateInternalResources */ = {
			isa = XCSwiftPackageProductDependency;
			productName = "plugin:RswiftGenerateInternalResources";
		};
/* End XCSwiftPackageProductDependency section */
	};
	rootObject = 8D29AB0C29B45F2100AD5072 /* Project object */;
}
