// !$*UTF8*$!
{
	archiveVersion = 1;
	classes = {
	};
	objectVersion = 56;
	objects = {

/* Begin PBXBuildFile section */
		8D29AB1829B45F2100AD5072 /* AppDelegate.swift in Sources */ = {isa = PBXBuildFile; fileRef = 8D29AB1729B45F2100AD5072 /* AppDelegate.swift */; };
		8D29AB1A29B45F2100AD5072 /* SceneDelegate.swift in Sources */ = {isa = PBXBuildFile; fileRef = 8D29AB1929B45F2100AD5072 /* SceneDelegate.swift */; };
		8D29AB2129B45F2200AD5072 /* Assets.xcassets in Resources */ = {isa = PBXBuildFile; fileRef = 8D29AB2029B45F2200AD5072 /* Assets.xcassets */; };
		8D29AB2429B45F2200AD5072 /* LaunchScreen.storyboard in Resources */ = {isa = PBXBuildFile; fileRef = 8D29AB2229B45F2200AD5072 /* LaunchScreen.storyboard */; };
		8D29AB2F29B45F2200AD5072 /* MyUniverseTests.swift in Sources */ = {isa = PBXBuildFile; fileRef = 8D29AB2E29B45F2200AD5072 /* MyUniverseTests.swift */; };
		8D29AB3929B45F2200AD5072 /* MyUniverseUITests.swift in Sources */ = {isa = PBXBuildFile; fileRef = 8D29AB3829B45F2200AD5072 /* MyUniverseUITests.swift */; };
		8D29AB3B29B45F2200AD5072 /* MyUniverseUITestsLaunchTests.swift in Sources */ = {isa = PBXBuildFile; fileRef = 8D29AB3A29B45F2200AD5072 /* MyUniverseUITestsLaunchTests.swift */; };
		8D29AB4829B4691B00AD5072 /* MyUniTabBarController.swift in Sources */ = {isa = PBXBuildFile; fileRef = 8D29AB4729B4691B00AD5072 /* MyUniTabBarController.swift */; };
		8D871F0729C3555C00FE4528 /* HomeVM.swift in Sources */ = {isa = PBXBuildFile; fileRef = 8D871F0629C3555C00FE4528 /* HomeVM.swift */; };
		8D871F0A29C3595F00FE4528 /* HomeTableViewCell.swift in Sources */ = {isa = PBXBuildFile; fileRef = 8D871F0929C3595F00FE4528 /* HomeTableViewCell.swift */; };
		8D871F1A29C35CDA00FE4528 /* Colors.swift in Sources */ = {isa = PBXBuildFile; fileRef = 8D871F1929C35CDA00FE4528 /* Colors.swift */; };
		8DEACCC529C71DA40043DA10 /* HomeTableViewHeaderView.swift in Sources */ = {isa = PBXBuildFile; fileRef = 8DEACCC429C71DA40043DA10 /* HomeTableViewHeaderView.swift */; };
		8DEACCC929C72E9D0043DA10 /* HomeCollectionViewCell.swift in Sources */ = {isa = PBXBuildFile; fileRef = 8DEACCC829C72E9D0043DA10 /* HomeCollectionViewCell.swift */; };
		8DEFA09529BE0C60004982CA /* SnapKit in Frameworks */ = {isa = PBXBuildFile; productRef = 8DEFA09429BE0C60004982CA /* SnapKit */; };
		8DEFA09A29BE1922004982CA /* MyUniTabBarControllerExtensions.swift in Sources */ = {isa = PBXBuildFile; fileRef = 8DEFA09929BE1922004982CA /* MyUniTabBarControllerExtensions.swift */; };
		8DEFA09C29BE1A39004982CA /* MyUniVC.swift in Sources */ = {isa = PBXBuildFile; fileRef = 8DEFA09B29BE1A39004982CA /* MyUniVC.swift */; };
		8DEFA09E29BE1A65004982CA /* MyUniNaviVC.swift in Sources */ = {isa = PBXBuildFile; fileRef = 8DEFA09D29BE1A65004982CA /* MyUniNaviVC.swift */; };
		8DEFA0A029BE1E56004982CA /* HomeVC.swift in Sources */ = {isa = PBXBuildFile; fileRef = 8DEFA09F29BE1E56004982CA /* HomeVC.swift */; };
		C3FD10FCD67E1F9881CC8696 /* Pods_MyUniverseTests.framework in Frameworks */ = {isa = PBXBuildFile; fileRef = 9817476167BE28A2D83CFB3D /* Pods_MyUniverseTests.framework */; };
		EA2497D222D44E2DB2861059 /* Pods_MyUniverse.framework in Frameworks */ = {isa = PBXBuildFile; fileRef = 07F91CF0AA870442B1808EDC /* Pods_MyUniverse.framework */; };
		FA37EB42E942BD4B85B4E48D /* Pods_MyUniverse_MyUniverseUITests.framework in Frameworks */ = {isa = PBXBuildFile; fileRef = 18ACEB56C130E2C957197C5C /* Pods_MyUniverse_MyUniverseUITests.framework */; };
/* End PBXBuildFile section */

/* Begin PBXContainerItemProxy section */
		8D29AB2B29B45F2200AD5072 /* PBXContainerItemProxy */ = {
			isa = PBXContainerItemProxy;
			containerPortal = 8D29AB0C29B45F2100AD5072 /* Project object */;
			proxyType = 1;
			remoteGlobalIDString = 8D29AB1329B45F2100AD5072;
			remoteInfo = MyUniverse;
		};
		8D29AB3529B45F2200AD5072 /* PBXContainerItemProxy */ = {
			isa = PBXContainerItemProxy;
			containerPortal = 8D29AB0C29B45F2100AD5072 /* Project object */;
			proxyType = 1;
			remoteGlobalIDString = 8D29AB1329B45F2100AD5072;
			remoteInfo = MyUniverse;
		};
/* End PBXContainerItemProxy section */

/* Begin PBXFileReference section */
		07F91CF0AA870442B1808EDC /* Pods_MyUniverse.framework */ = {isa = PBXFileReference; explicitFileType = wrapper.framework; includeInIndex = 0; path = Pods_MyUniverse.framework; sourceTree = BUILT_PRODUCTS_DIR; };
		0FEA7B202C5EBD9533EF02B5 /* Pods-MyUniverse-MyUniverseUITests.debug.xcconfig */ = {isa = PBXFileReference; includeInIndex = 1; lastKnownFileType = text.xcconfig; name = "Pods-MyUniverse-MyUniverseUITests.debug.xcconfig"; path = "Target Support Files/Pods-MyUniverse-MyUniverseUITests/Pods-MyUniverse-MyUniverseUITests.debug.xcconfig"; sourceTree = "<group>"; };
		18ACEB56C130E2C957197C5C /* Pods_MyUniverse_MyUniverseUITests.framework */ = {isa = PBXFileReference; explicitFileType = wrapper.framework; includeInIndex = 0; path = Pods_MyUniverse_MyUniverseUITests.framework; sourceTree = BUILT_PRODUCTS_DIR; };
		1C6944F21D4915B498C49BA8 /* Pods-MyUniverseTests.release.xcconfig */ = {isa = PBXFileReference; includeInIndex = 1; lastKnownFileType = text.xcconfig; name = "Pods-MyUniverseTests.release.xcconfig"; path = "Target Support Files/Pods-MyUniverseTests/Pods-MyUniverseTests.release.xcconfig"; sourceTree = "<group>"; };
		4FF0F0D10E335A4FEEFEF2BB /* Pods-MyUniverseTests.debug.xcconfig */ = {isa = PBXFileReference; includeInIndex = 1; lastKnownFileType = text.xcconfig; name = "Pods-MyUniverseTests.debug.xcconfig"; path = "Target Support Files/Pods-MyUniverseTests/Pods-MyUniverseTests.debug.xcconfig"; sourceTree = "<group>"; };
		88058BE33073142359645310 /* Pods-MyUniverse.release.xcconfig */ = {isa = PBXFileReference; includeInIndex = 1; lastKnownFileType = text.xcconfig; name = "Pods-MyUniverse.release.xcconfig"; path = "Target Support Files/Pods-MyUniverse/Pods-MyUniverse.release.xcconfig"; sourceTree = "<group>"; };
		8D29AB1429B45F2100AD5072 /* MyUniverse.app */ = {isa = PBXFileReference; explicitFileType = wrapper.application; includeInIndex = 0; path = MyUniverse.app; sourceTree = BUILT_PRODUCTS_DIR; };
		8D29AB1729B45F2100AD5072 /* AppDelegate.swift */ = {isa = PBXFileReference; lastKnownFileType = sourcecode.swift; path = AppDelegate.swift; sourceTree = "<group>"; };
		8D29AB1929B45F2100AD5072 /* SceneDelegate.swift */ = {isa = PBXFileReference; lastKnownFileType = sourcecode.swift; path = SceneDelegate.swift; sourceTree = "<group>"; };
		8D29AB2029B45F2200AD5072 /* Assets.xcassets */ = {isa = PBXFileReference; lastKnownFileType = folder.assetcatalog; path = Assets.xcassets; sourceTree = "<group>"; };
		8D29AB2329B45F2200AD5072 /* Base */ = {isa = PBXFileReference; lastKnownFileType = file.storyboard; name = Base; path = Base.lproj/LaunchScreen.storyboard; sourceTree = "<group>"; };
		8D29AB2529B45F2200AD5072 /* Info.plist */ = {isa = PBXFileReference; lastKnownFileType = text.plist.xml; path = Info.plist; sourceTree = "<group>"; };
		8D29AB2A29B45F2200AD5072 /* MyUniverseTests.xctest */ = {isa = PBXFileReference; explicitFileType = wrapper.cfbundle; includeInIndex = 0; path = MyUniverseTests.xctest; sourceTree = BUILT_PRODUCTS_DIR; };
		8D29AB2E29B45F2200AD5072 /* MyUniverseTests.swift */ = {isa = PBXFileReference; lastKnownFileType = sourcecode.swift; path = MyUniverseTests.swift; sourceTree = "<group>"; };
		8D29AB3429B45F2200AD5072 /* MyUniverseUITests.xctest */ = {isa = PBXFileReference; explicitFileType = wrapper.cfbundle; includeInIndex = 0; path = MyUniverseUITests.xctest; sourceTree = BUILT_PRODUCTS_DIR; };
		8D29AB3829B45F2200AD5072 /* MyUniverseUITests.swift */ = {isa = PBXFileReference; lastKnownFileType = sourcecode.swift; path = MyUniverseUITests.swift; sourceTree = "<group>"; };
		8D29AB3A29B45F2200AD5072 /* MyUniverseUITestsLaunchTests.swift */ = {isa = PBXFileReference; lastKnownFileType = sourcecode.swift; path = MyUniverseUITestsLaunchTests.swift; sourceTree = "<group>"; };
		8D29AB4729B4691B00AD5072 /* MyUniTabBarController.swift */ = {isa = PBXFileReference; lastKnownFileType = sourcecode.swift; path = MyUniTabBarController.swift; sourceTree = "<group>"; };
		8D871F0629C3555C00FE4528 /* HomeVM.swift */ = {isa = PBXFileReference; lastKnownFileType = sourcecode.swift; path = HomeVM.swift; sourceTree = "<group>"; };
		8D871F0929C3595F00FE4528 /* HomeTableViewCell.swift */ = {isa = PBXFileReference; lastKnownFileType = sourcecode.swift; path = HomeTableViewCell.swift; sourceTree = "<group>"; };
		8D871F1929C35CDA00FE4528 /* Colors.swift */ = {isa = PBXFileReference; lastKnownFileType = sourcecode.swift; path = Colors.swift; sourceTree = "<group>"; };
		8DEACCC429C71DA40043DA10 /* HomeTableViewHeaderView.swift */ = {isa = PBXFileReference; lastKnownFileType = sourcecode.swift; path = HomeTableViewHeaderView.swift; sourceTree = "<group>"; };
		8DEACCC829C72E9D0043DA10 /* HomeCollectionViewCell.swift */ = {isa = PBXFileReference; lastKnownFileType = sourcecode.swift; path = HomeCollectionViewCell.swift; sourceTree = "<group>"; };
		8DEFA09929BE1922004982CA /* MyUniTabBarControllerExtensions.swift */ = {isa = PBXFileReference; lastKnownFileType = sourcecode.swift; path = MyUniTabBarControllerExtensions.swift; sourceTree = "<group>"; };
		8DEFA09B29BE1A39004982CA /* MyUniVC.swift */ = {isa = PBXFileReference; lastKnownFileType = sourcecode.swift; path = MyUniVC.swift; sourceTree = "<group>"; };
		8DEFA09D29BE1A65004982CA /* MyUniNaviVC.swift */ = {isa = PBXFileReference; lastKnownFileType = sourcecode.swift; path = MyUniNaviVC.swift; sourceTree = "<group>"; };
		8DEFA09F29BE1E56004982CA /* HomeVC.swift */ = {isa = PBXFileReference; lastKnownFileType = sourcecode.swift; path = HomeVC.swift; sourceTree = "<group>"; };
		8F214D5535B9E4AB507ACF9B /* Pods-MyUniverse.debug.xcconfig */ = {isa = PBXFileReference; includeInIndex = 1; lastKnownFileType = text.xcconfig; name = "Pods-MyUniverse.debug.xcconfig"; path = "Target Support Files/Pods-MyUniverse/Pods-MyUniverse.debug.xcconfig"; sourceTree = "<group>"; };
		9817476167BE28A2D83CFB3D /* Pods_MyUniverseTests.framework */ = {isa = PBXFileReference; explicitFileType = wrapper.framework; includeInIndex = 0; path = Pods_MyUniverseTests.framework; sourceTree = BUILT_PRODUCTS_DIR; };
		C0934ECD7D344CEF73619CA4 /* Pods-MyUniverse-MyUniverseUITests.release.xcconfig */ = {isa = PBXFileReference; includeInIndex = 1; lastKnownFileType = text.xcconfig; name = "Pods-MyUniverse-MyUniverseUITests.release.xcconfig"; path = "Target Support Files/Pods-MyUniverse-MyUniverseUITests/Pods-MyUniverse-MyUniverseUITests.release.xcconfig"; sourceTree = "<group>"; };
/* End PBXFileReference section */

/* Begin PBXFrameworksBuildPhase section */
		8D29AB1129B45F2100AD5072 /* Frameworks */ = {
			isa = PBXFrameworksBuildPhase;
			buildActionMask = 2147483647;
			files = (
				8DEFA09529BE0C60004982CA /* SnapKit in Frameworks */,
				EA2497D222D44E2DB2861059 /* Pods_MyUniverse.framework in Frameworks */,
			);
			runOnlyForDeploymentPostprocessing = 0;
		};
		8D29AB2729B45F2200AD5072 /* Frameworks */ = {
			isa = PBXFrameworksBuildPhase;
			buildActionMask = 2147483647;
			files = (
				C3FD10FCD67E1F9881CC8696 /* Pods_MyUniverseTests.framework in Frameworks */,
			);
			runOnlyForDeploymentPostprocessing = 0;
		};
		8D29AB3129B45F2200AD5072 /* Frameworks */ = {
			isa = PBXFrameworksBuildPhase;
			buildActionMask = 2147483647;
			files = (
				FA37EB42E942BD4B85B4E48D /* Pods_MyUniverse_MyUniverseUITests.framework in Frameworks */,
			);
			runOnlyForDeploymentPostprocessing = 0;
		};
/* End PBXFrameworksBuildPhase section */

/* Begin PBXGroup section */
		3923AA0483D463C11118DE68 /* Frameworks */ = {
			isa = PBXGroup;
			children = (
				07F91CF0AA870442B1808EDC /* Pods_MyUniverse.framework */,
				18ACEB56C130E2C957197C5C /* Pods_MyUniverse_MyUniverseUITests.framework */,
				9817476167BE28A2D83CFB3D /* Pods_MyUniverseTests.framework */,
			);
			name = Frameworks;
			sourceTree = "<group>";
		};
		7543A945C2D9444F8F7C92B2 /* Pods */ = {
			isa = PBXGroup;
			children = (
				8F214D5535B9E4AB507ACF9B /* Pods-MyUniverse.debug.xcconfig */,
				88058BE33073142359645310 /* Pods-MyUniverse.release.xcconfig */,
				0FEA7B202C5EBD9533EF02B5 /* Pods-MyUniverse-MyUniverseUITests.debug.xcconfig */,
				C0934ECD7D344CEF73619CA4 /* Pods-MyUniverse-MyUniverseUITests.release.xcconfig */,
				4FF0F0D10E335A4FEEFEF2BB /* Pods-MyUniverseTests.debug.xcconfig */,
				1C6944F21D4915B498C49BA8 /* Pods-MyUniverseTests.release.xcconfig */,
			);
			path = Pods;
			sourceTree = "<group>";
		};
		8D29AB0B29B45F2100AD5072 = {
			isa = PBXGroup;
			children = (
				8D29AB1629B45F2100AD5072 /* MyUniverse */,
				8D29AB2D29B45F2200AD5072 /* MyUniverseTests */,
				8D29AB3729B45F2200AD5072 /* MyUniverseUITests */,
				8D29AB1529B45F2100AD5072 /* Products */,
				7543A945C2D9444F8F7C92B2 /* Pods */,
				3923AA0483D463C11118DE68 /* Frameworks */,
			);
			sourceTree = "<group>";
		};
		8D29AB1529B45F2100AD5072 /* Products */ = {
			isa = PBXGroup;
			children = (
				8D29AB1429B45F2100AD5072 /* MyUniverse.app */,
				8D29AB2A29B45F2200AD5072 /* MyUniverseTests.xctest */,
				8D29AB3429B45F2200AD5072 /* MyUniverseUITests.xctest */,
			);
			name = Products;
			sourceTree = "<group>";
		};
		8D29AB1629B45F2100AD5072 /* MyUniverse */ = {
			isa = PBXGroup;
			children = (
				8D29AB1729B45F2100AD5072 /* AppDelegate.swift */,
				8D29AB1929B45F2100AD5072 /* SceneDelegate.swift */,
				8D871F0B29C35B4900FE4528 /* Resource */,
				8DEFA09629BE1899004982CA /* TabBar */,
				8DEFA09729BE189F004982CA /* Navi */,
				8DEFA09829BE18B4004982CA /* Controller */,
				8D29AB2029B45F2200AD5072 /* Assets.xcassets */,
				8D29AB2229B45F2200AD5072 /* LaunchScreen.storyboard */,
				8D29AB2529B45F2200AD5072 /* Info.plist */,
			);
			path = MyUniverse;
			sourceTree = "<group>";
		};
		8D29AB2D29B45F2200AD5072 /* MyUniverseTests */ = {
			isa = PBXGroup;
			children = (
				8D29AB2E29B45F2200AD5072 /* MyUniverseTests.swift */,
			);
			path = MyUniverseTests;
			sourceTree = "<group>";
		};
		8D29AB3729B45F2200AD5072 /* MyUniverseUITests */ = {
			isa = PBXGroup;
			children = (
				8D29AB3829B45F2200AD5072 /* MyUniverseUITests.swift */,
				8D29AB3A29B45F2200AD5072 /* MyUniverseUITestsLaunchTests.swift */,
			);
			path = MyUniverseUITests;
			sourceTree = "<group>";
		};
		8D871F0329C3534500FE4528 /* Home */ = {
			isa = PBXGroup;
			children = (
				8D871F0629C3555C00FE4528 /* HomeVM.swift */,
				8DEFA09F29BE1E56004982CA /* HomeVC.swift */,
				8D871F0829C3594500FE4528 /* Views */,
			);
			path = Home;
			sourceTree = "<group>";
		};
		8D871F0829C3594500FE4528 /* Views */ = {
			isa = PBXGroup;
			children = (
				8DEACCC629C72E740043DA10 /* TableView */,
				8DEACCC729C72E810043DA10 /* CollectionView */,
			);
			path = Views;
			sourceTree = "<group>";
		};
		8D871F0B29C35B4900FE4528 /* Resource */ = {
			isa = PBXGroup;
			children = (
				8D871F1929C35CDA00FE4528 /* Colors.swift */,
			);
			path = Resource;
			sourceTree = "<group>";
		};
		8DEACCC629C72E740043DA10 /* TableView */ = {
			isa = PBXGroup;
			children = (
				8DEACCC429C71DA40043DA10 /* HomeTableViewHeaderView.swift */,
				8D871F0929C3595F00FE4528 /* HomeTableViewCell.swift */,
			);
			path = TableView;
			sourceTree = "<group>";
		};
		8DEACCC729C72E810043DA10 /* CollectionView */ = {
			isa = PBXGroup;
			children = (
				8DEACCC829C72E9D0043DA10 /* HomeCollectionViewCell.swift */,
			);
			path = CollectionView;
			sourceTree = "<group>";
		};
		8DEFA09629BE1899004982CA /* TabBar */ = {
			isa = PBXGroup;
			children = (
				8D29AB4729B4691B00AD5072 /* MyUniTabBarController.swift */,
				8DEFA09929BE1922004982CA /* MyUniTabBarControllerExtensions.swift */,
			);
			path = TabBar;
			sourceTree = "<group>";
		};
		8DEFA09729BE189F004982CA /* Navi */ = {
			isa = PBXGroup;
			children = (
				8DEFA09D29BE1A65004982CA /* MyUniNaviVC.swift */,
			);
			path = Navi;
			sourceTree = "<group>";
		};
		8DEFA09829BE18B4004982CA /* Controller */ = {
			isa = PBXGroup;
			children = (
				8DEFA09B29BE1A39004982CA /* MyUniVC.swift */,
				8D871F0329C3534500FE4528 /* Home */,
			);
			path = Controller;
			sourceTree = "<group>";
		};
/* End PBXGroup section */

/* Begin PBXNativeTarget section */
		8D29AB1329B45F2100AD5072 /* MyUniverse */ = {
			isa = PBXNativeTarget;
			buildConfigurationList = 8D29AB3E29B45F2200AD5072 /* Build configuration list for PBXNativeTarget "MyUniverse" */;
			buildPhases = (
				7CE96C684C61CA626A2DAC7F /* [CP] Check Pods Manifest.lock */,
				8D29AB1029B45F2100AD5072 /* Sources */,
				8D29AB1129B45F2100AD5072 /* Frameworks */,
				8D29AB1229B45F2100AD5072 /* Resources */,
				8D67675529E5BE0700BD880F /* ShellScript */,
			);
			buildRules = (
			);
			dependencies = (
			);
			name = MyUniverse;
			packageProductDependencies = (
				8DEFA09429BE0C60004982CA /* SnapKit */,
			);
			productName = MyUniverse;
			productReference = 8D29AB1429B45F2100AD5072 /* MyUniverse.app */;
			productType = "com.apple.product-type.application";
		};
		8D29AB2929B45F2200AD5072 /* MyUniverseTests */ = {
			isa = PBXNativeTarget;
			buildConfigurationList = 8D29AB4129B45F2200AD5072 /* Build configuration list for PBXNativeTarget "MyUniverseTests" */;
			buildPhases = (
				C0DF2827F39D75FFD79D9234 /* [CP] Check Pods Manifest.lock */,
				8D29AB2629B45F2200AD5072 /* Sources */,
				8D29AB2729B45F2200AD5072 /* Frameworks */,
				8D29AB2829B45F2200AD5072 /* Resources */,
			);
			buildRules = (
			);
			dependencies = (
				8D29AB2C29B45F2200AD5072 /* PBXTargetDependency */,
			);
			name = MyUniverseTests;
			productName = MyUniverseTests;
			productReference = 8D29AB2A29B45F2200AD5072 /* MyUniverseTests.xctest */;
			productType = "com.apple.product-type.bundle.unit-test";
		};
		8D29AB3329B45F2200AD5072 /* MyUniverseUITests */ = {
			isa = PBXNativeTarget;
			buildConfigurationList = 8D29AB4429B45F2200AD5072 /* Build configuration list for PBXNativeTarget "MyUniverseUITests" */;
			buildPhases = (
				D419899B3CD0DF35BDA9D70A /* [CP] Check Pods Manifest.lock */,
				8D29AB3029B45F2200AD5072 /* Sources */,
				8D29AB3129B45F2200AD5072 /* Frameworks */,
				8D29AB3229B45F2200AD5072 /* Resources */,
			);
			buildRules = (
			);
			dependencies = (
				8D29AB3629B45F2200AD5072 /* PBXTargetDependency */,
			);
			name = MyUniverseUITests;
			productName = MyUniverseUITests;
			productReference = 8D29AB3429B45F2200AD5072 /* MyUniverseUITests.xctest */;
			productType = "com.apple.product-type.bundle.ui-testing";
		};
/* End PBXNativeTarget section */

/* Begin PBXProject section */
		8D29AB0C29B45F2100AD5072 /* Project object */ = {
			isa = PBXProject;
			attributes = {
				BuildIndependentTargetsInParallel = 1;
				LastSwiftUpdateCheck = 1420;
				LastUpgradeCheck = 1420;
				TargetAttributes = {
					8D29AB1329B45F2100AD5072 = {
						CreatedOnToolsVersion = 14.2;
					};
					8D29AB2929B45F2200AD5072 = {
						CreatedOnToolsVersion = 14.2;
						TestTargetID = 8D29AB1329B45F2100AD5072;
					};
					8D29AB3329B45F2200AD5072 = {
						CreatedOnToolsVersion = 14.2;
						TestTargetID = 8D29AB1329B45F2100AD5072;
					};
				};
			};
			buildConfigurationList = 8D29AB0F29B45F2100AD5072 /* Build configuration list for PBXProject "MyUniverse" */;
			compatibilityVersion = "Xcode 14.0";
			developmentRegion = en;
			hasScannedForEncodings = 0;
			knownRegions = (
				en,
				Base,
			);
			mainGroup = 8D29AB0B29B45F2100AD5072;
			packageReferences = (
				8DEFA09329BE0C60004982CA /* XCRemoteSwiftPackageReference "SnapKit" */,
			);
			productRefGroup = 8D29AB1529B45F2100AD5072 /* Products */;
			projectDirPath = "";
			projectRoot = "";
			targets = (
				8D29AB1329B45F2100AD5072 /* MyUniverse */,
				8D29AB2929B45F2200AD5072 /* MyUniverseTests */,
				8D29AB3329B45F2200AD5072 /* MyUniverseUITests */,
			);
		};
/* End PBXProject section */

/* Begin PBXResourcesBuildPhase section */
		8D29AB1229B45F2100AD5072 /* Resources */ = {
			isa = PBXResourcesBuildPhase;
			buildActionMask = 2147483647;
			files = (
				8D29AB2429B45F2200AD5072 /* LaunchScreen.storyboard in Resources */,
				8D29AB2129B45F2200AD5072 /* Assets.xcassets in Resources */,
			);
			runOnlyForDeploymentPostprocessing = 0;
		};
		8D29AB2829B45F2200AD5072 /* Resources */ = {
			isa = PBXResourcesBuildPhase;
			buildActionMask = 2147483647;
			files = (
			);
			runOnlyForDeploymentPostprocessing = 0;
		};
		8D29AB3229B45F2200AD5072 /* Resources */ = {
			isa = PBXResourcesBuildPhase;
			buildActionMask = 2147483647;
			files = (
			);
			runOnlyForDeploymentPostprocessing = 0;
		};
/* End PBXResourcesBuildPhase section */

/* Begin PBXShellScriptBuildPhase section */
		7CE96C684C61CA626A2DAC7F /* [CP] Check Pods Manifest.lock */ = {
			isa = PBXShellScriptBuildPhase;
			buildActionMask = 2147483647;
			files = (
			);
			inputFileListPaths = (
			);
			inputPaths = (
				"${PODS_PODFILE_DIR_PATH}/Podfile.lock",
				"${PODS_ROOT}/Manifest.lock",
			);
			name = "[CP] Check Pods Manifest.lock";
			outputFileListPaths = (
			);
			outputPaths = (
				"$(DERIVED_FILE_DIR)/Pods-MyUniverse-checkManifestLockResult.txt",
			);
			runOnlyForDeploymentPostprocessing = 0;
			shellPath = /bin/sh;
			shellScript = "diff \"${PODS_PODFILE_DIR_PATH}/Podfile.lock\" \"${PODS_ROOT}/Manifest.lock\" > /dev/null\nif [ $? != 0 ] ; then\n    # print error to STDERR\n    echo \"error: The sandbox is not in sync with the Podfile.lock. Run 'pod install' or update your CocoaPods installation.\" >&2\n    exit 1\nfi\n# This output is used by Xcode 'outputs' to avoid re-running this script phase.\necho \"SUCCESS\" > \"${SCRIPT_OUTPUT_FILE_0}\"\n";
			showEnvVarsInLog = 0;
		};
		8D67675529E5BE0700BD880F /* ShellScript */ = {
			isa = PBXShellScriptBuildPhase;
			buildActionMask = 2147483647;
			files = (
			);
			inputFileListPaths = (
			);
			inputPaths = (
			);
			outputFileListPaths = (
			);
			outputPaths = (
			);
			runOnlyForDeploymentPostprocessing = 0;
			shellPath = /bin/sh;
			shellScript = "\"${PODS_ROOT}/SwiftLint/swiftlint\"\n";
		};
		C0DF2827F39D75FFD79D9234 /* [CP] Check Pods Manifest.lock */ = {
			isa = PBXShellScriptBuildPhase;
			buildActionMask = 2147483647;
			files = (
			);
			inputFileListPaths = (
			);
			inputPaths = (
				"${PODS_PODFILE_DIR_PATH}/Podfile.lock",
				"${PODS_ROOT}/Manifest.lock",
			);
			name = "[CP] Check Pods Manifest.lock";
			outputFileListPaths = (
			);
			outputPaths = (
				"$(DERIVED_FILE_DIR)/Pods-MyUniverseTests-checkManifestLockResult.txt",
			);
			runOnlyForDeploymentPostprocessing = 0;
			shellPath = /bin/sh;
			shellScript = "diff \"${PODS_PODFILE_DIR_PATH}/Podfile.lock\" \"${PODS_ROOT}/Manifest.lock\" > /dev/null\nif [ $? != 0 ] ; then\n    # print error to STDERR\n    echo \"error: The sandbox is not in sync with the Podfile.lock. Run 'pod install' or update your CocoaPods installation.\" >&2\n    exit 1\nfi\n# This output is used by Xcode 'outputs' to avoid re-running this script phase.\necho \"SUCCESS\" > \"${SCRIPT_OUTPUT_FILE_0}\"\n";
			showEnvVarsInLog = 0;
		};
		D419899B3CD0DF35BDA9D70A /* [CP] Check Pods Manifest.lock */ = {
			isa = PBXShellScriptBuildPhase;
			buildActionMask = 2147483647;
			files = (
			);
			inputFileListPaths = (
			);
			inputPaths = (
				"${PODS_PODFILE_DIR_PATH}/Podfile.lock",
				"${PODS_ROOT}/Manifest.lock",
			);
			name = "[CP] Check Pods Manifest.lock";
			outputFileListPaths = (
			);
			outputPaths = (
				"$(DERIVED_FILE_DIR)/Pods-MyUniverse-MyUniverseUITests-checkManifestLockResult.txt",
			);
			runOnlyForDeploymentPostprocessing = 0;
			shellPath = /bin/sh;
			shellScript = "diff \"${PODS_PODFILE_DIR_PATH}/Podfile.lock\" \"${PODS_ROOT}/Manifest.lock\" > /dev/null\nif [ $? != 0 ] ; then\n    # print error to STDERR\n    echo \"error: The sandbox is not in sync with the Podfile.lock. Run 'pod install' or update your CocoaPods installation.\" >&2\n    exit 1\nfi\n# This output is used by Xcode 'outputs' to avoid re-running this script phase.\necho \"SUCCESS\" > \"${SCRIPT_OUTPUT_FILE_0}\"\n";
			showEnvVarsInLog = 0;
		};
/* End PBXShellScriptBuildPhase section */

/* Begin PBXSourcesBuildPhase section */
		8D29AB1029B45F2100AD5072 /* Sources */ = {
			isa = PBXSourcesBuildPhase;
			buildActionMask = 2147483647;
			files = (
				8D29AB4829B4691B00AD5072 /* MyUniTabBarController.swift in Sources */,
				8D871F1A29C35CDA00FE4528 /* Colors.swift in Sources */,
				8D871F0729C3555C00FE4528 /* HomeVM.swift in Sources */,
				8DEFA09C29BE1A39004982CA /* MyUniVC.swift in Sources */,
				8DEACCC929C72E9D0043DA10 /* HomeCollectionViewCell.swift in Sources */,
				8DEACCC529C71DA40043DA10 /* HomeTableViewHeaderView.swift in Sources */,
				8D29AB1829B45F2100AD5072 /* AppDelegate.swift in Sources */,
				8DEFA09E29BE1A65004982CA /* MyUniNaviVC.swift in Sources */,
				8D871F0A29C3595F00FE4528 /* HomeTableViewCell.swift in Sources */,
				8DEFA09A29BE1922004982CA /* MyUniTabBarControllerExtensions.swift in Sources */,
				8DEFA0A029BE1E56004982CA /* HomeVC.swift in Sources */,
				8D29AB1A29B45F2100AD5072 /* SceneDelegate.swift in Sources */,
			);
			runOnlyForDeploymentPostprocessing = 0;
		};
		8D29AB2629B45F2200AD5072 /* Sources */ = {
			isa = PBXSourcesBuildPhase;
			buildActionMask = 2147483647;
			files = (
				8D29AB2F29B45F2200AD5072 /* MyUniverseTests.swift in Sources */,
			);
			runOnlyForDeploymentPostprocessing = 0;
		};
		8D29AB3029B45F2200AD5072 /* Sources */ = {
			isa = PBXSourcesBuildPhase;
			buildActionMask = 2147483647;
			files = (
				8D29AB3929B45F2200AD5072 /* MyUniverseUITests.swift in Sources */,
				8D29AB3B29B45F2200AD5072 /* MyUniverseUITestsLaunchTests.swift in Sources */,
			);
			runOnlyForDeploymentPostprocessing = 0;
		};
/* End PBXSourcesBuildPhase section */

/* Begin PBXTargetDependency section */
		8D29AB2C29B45F2200AD5072 /* PBXTargetDependency */ = {
			isa = PBXTargetDependency;
			target = 8D29AB1329B45F2100AD5072 /* MyUniverse */;
			targetProxy = 8D29AB2B29B45F2200AD5072 /* PBXContainerItemProxy */;
		};
		8D29AB3629B45F2200AD5072 /* PBXTargetDependency */ = {
			isa = PBXTargetDependency;
			target = 8D29AB1329B45F2100AD5072 /* MyUniverse */;
			targetProxy = 8D29AB3529B45F2200AD5072 /* PBXContainerItemProxy */;
		};
/* End PBXTargetDependency section */

/* Begin PBXVariantGroup section */
		8D29AB2229B45F2200AD5072 /* LaunchScreen.storyboard */ = {
			isa = PBXVariantGroup;
			children = (
				8D29AB2329B45F2200AD5072 /* Base */,
			);
			name = LaunchScreen.storyboard;
			sourceTree = "<group>";
		};
/* End PBXVariantGroup section */

/* Begin XCBuildConfiguration section */
		8D29AB3C29B45F2200AD5072 /* Debug */ = {
			isa = XCBuildConfiguration;
			buildSettings = {
				ALWAYS_SEARCH_USER_PATHS = NO;
				CLANG_ANALYZER_NONNULL = YES;
				CLANG_ANALYZER_NUMBER_OBJECT_CONVERSION = YES_AGGRESSIVE;
				CLANG_CXX_LANGUAGE_STANDARD = "gnu++20";
				CLANG_ENABLE_MODULES = YES;
				CLANG_ENABLE_OBJC_ARC = YES;
				CLANG_ENABLE_OBJC_WEAK = YES;
				CLANG_WARN_BLOCK_CAPTURE_AUTORELEASING = YES;
				CLANG_WARN_BOOL_CONVERSION = YES;
				CLANG_WARN_COMMA = YES;
				CLANG_WARN_CONSTANT_CONVERSION = YES;
				CLANG_WARN_DEPRECATED_OBJC_IMPLEMENTATIONS = YES;
				CLANG_WARN_DIRECT_OBJC_ISA_USAGE = YES_ERROR;
				CLANG_WARN_DOCUMENTATION_COMMENTS = YES;
				CLANG_WARN_EMPTY_BODY = YES;
				CLANG_WARN_ENUM_CONVERSION = YES;
				CLANG_WARN_INFINITE_RECURSION = YES;
				CLANG_WARN_INT_CONVERSION = YES;
				CLANG_WARN_NON_LITERAL_NULL_CONVERSION = YES;
				CLANG_WARN_OBJC_IMPLICIT_RETAIN_SELF = YES;
				CLANG_WARN_OBJC_LITERAL_CONVERSION = YES;
				CLANG_WARN_OBJC_ROOT_CLASS = YES_ERROR;
				CLANG_WARN_QUOTED_INCLUDE_IN_FRAMEWORK_HEADER = YES;
				CLANG_WARN_RANGE_LOOP_ANALYSIS = YES;
				CLANG_WARN_STRICT_PROTOTYPES = YES;
				CLANG_WARN_SUSPICIOUS_MOVE = YES;
				CLANG_WARN_UNGUARDED_AVAILABILITY = YES_AGGRESSIVE;
				CLANG_WARN_UNREACHABLE_CODE = YES;
				CLANG_WARN__DUPLICATE_METHOD_MATCH = YES;
				COPY_PHASE_STRIP = NO;
				DEBUG_INFORMATION_FORMAT = dwarf;
				ENABLE_STRICT_OBJC_MSGSEND = YES;
				ENABLE_TESTABILITY = YES;
				GCC_C_LANGUAGE_STANDARD = gnu11;
				GCC_DYNAMIC_NO_PIC = NO;
				GCC_NO_COMMON_BLOCKS = YES;
				GCC_OPTIMIZATION_LEVEL = 0;
				GCC_PREPROCESSOR_DEFINITIONS = (
					"DEBUG=1",
					"$(inherited)",
				);
				GCC_WARN_64_TO_32_BIT_CONVERSION = YES;
				GCC_WARN_ABOUT_RETURN_TYPE = YES_ERROR;
				GCC_WARN_UNDECLARED_SELECTOR = YES;
				GCC_WARN_UNINITIALIZED_AUTOS = YES_AGGRESSIVE;
				GCC_WARN_UNUSED_FUNCTION = YES;
				GCC_WARN_UNUSED_VARIABLE = YES;
				IPHONEOS_DEPLOYMENT_TARGET = 15.0;
				MTL_ENABLE_DEBUG_INFO = INCLUDE_SOURCE;
				MTL_FAST_MATH = YES;
				ONLY_ACTIVE_ARCH = YES;
				SDKROOT = iphoneos;
				SWIFT_ACTIVE_COMPILATION_CONDITIONS = DEBUG;
				SWIFT_OPTIMIZATION_LEVEL = "-Onone";
			};
			name = Debug;
		};
		8D29AB3D29B45F2200AD5072 /* Release */ = {
			isa = XCBuildConfiguration;
			buildSettings = {
				ALWAYS_SEARCH_USER_PATHS = NO;
				CLANG_ANALYZER_NONNULL = YES;
				CLANG_ANALYZER_NUMBER_OBJECT_CONVERSION = YES_AGGRESSIVE;
				CLANG_CXX_LANGUAGE_STANDARD = "gnu++20";
				CLANG_ENABLE_MODULES = YES;
				CLANG_ENABLE_OBJC_ARC = YES;
				CLANG_ENABLE_OBJC_WEAK = YES;
				CLANG_WARN_BLOCK_CAPTURE_AUTORELEASING = YES;
				CLANG_WARN_BOOL_CONVERSION = YES;
				CLANG_WARN_COMMA = YES;
				CLANG_WARN_CONSTANT_CONVERSION = YES;
				CLANG_WARN_DEPRECATED_OBJC_IMPLEMENTATIONS = YES;
				CLANG_WARN_DIRECT_OBJC_ISA_USAGE = YES_ERROR;
				CLANG_WARN_DOCUMENTATION_COMMENTS = YES;
				CLANG_WARN_EMPTY_BODY = YES;
				CLANG_WARN_ENUM_CONVERSION = YES;
				CLANG_WARN_INFINITE_RECURSION = YES;
				CLANG_WARN_INT_CONVERSION = YES;
				CLANG_WARN_NON_LITERAL_NULL_CONVERSION = YES;
				CLANG_WARN_OBJC_IMPLICIT_RETAIN_SELF = YES;
				CLANG_WARN_OBJC_LITERAL_CONVERSION = YES;
				CLANG_WARN_OBJC_ROOT_CLASS = YES_ERROR;
				CLANG_WARN_QUOTED_INCLUDE_IN_FRAMEWORK_HEADER = YES;
				CLANG_WARN_RANGE_LOOP_ANALYSIS = YES;
				CLANG_WARN_STRICT_PROTOTYPES = YES;
				CLANG_WARN_SUSPICIOUS_MOVE = YES;
				CLANG_WARN_UNGUARDED_AVAILABILITY = YES_AGGRESSIVE;
				CLANG_WARN_UNREACHABLE_CODE = YES;
				CLANG_WARN__DUPLICATE_METHOD_MATCH = YES;
				COPY_PHASE_STRIP = NO;
				DEBUG_INFORMATION_FORMAT = "dwarf-with-dsym";
				ENABLE_NS_ASSERTIONS = NO;
				ENABLE_STRICT_OBJC_MSGSEND = YES;
				GCC_C_LANGUAGE_STANDARD = gnu11;
				GCC_NO_COMMON_BLOCKS = YES;
				GCC_WARN_64_TO_32_BIT_CONVERSION = YES;
				GCC_WARN_ABOUT_RETURN_TYPE = YES_ERROR;
				GCC_WARN_UNDECLARED_SELECTOR = YES;
				GCC_WARN_UNINITIALIZED_AUTOS = YES_AGGRESSIVE;
				GCC_WARN_UNUSED_FUNCTION = YES;
				GCC_WARN_UNUSED_VARIABLE = YES;
				IPHONEOS_DEPLOYMENT_TARGET = 15.0;
				MTL_ENABLE_DEBUG_INFO = NO;
				MTL_FAST_MATH = YES;
				SDKROOT = iphoneos;
				SWIFT_COMPILATION_MODE = wholemodule;
				SWIFT_OPTIMIZATION_LEVEL = "-O";
				VALIDATE_PRODUCT = YES;
			};
			name = Release;
		};
		8D29AB3F29B45F2200AD5072 /* Debug */ = {
			isa = XCBuildConfiguration;
			baseConfigurationReference = 8F214D5535B9E4AB507ACF9B /* Pods-MyUniverse.debug.xcconfig */;
			buildSettings = {
				ASSETCATALOG_COMPILER_APPICON_NAME = AppIcon;
				ASSETCATALOG_COMPILER_GLOBAL_ACCENT_COLOR_NAME = AccentColor;
				CODE_SIGN_STYLE = Automatic;
				CURRENT_PROJECT_VERSION = 1;
				DEVELOPMENT_TEAM = GMHUACJXLZ;
				GENERATE_INFOPLIST_FILE = YES;
				INFOPLIST_FILE = MyUniverse/Info.plist;
				INFOPLIST_KEY_UIApplicationSupportsIndirectInputEvents = YES;
				INFOPLIST_KEY_UILaunchStoryboardName = LaunchScreen;
				INFOPLIST_KEY_UISupportedInterfaceOrientations_iPad = "UIInterfaceOrientationPortrait UIInterfaceOrientationPortraitUpsideDown UIInterfaceOrientationLandscapeLeft UIInterfaceOrientationLandscapeRight";
				INFOPLIST_KEY_UISupportedInterfaceOrientations_iPhone = "UIInterfaceOrientationPortrait UIInterfaceOrientationLandscapeLeft UIInterfaceOrientationLandscapeRight";
				IPHONEOS_DEPLOYMENT_TARGET = 15.0;
				LD_RUNPATH_SEARCH_PATHS = (
					"$(inherited)",
					"@executable_path/Frameworks",
				);
				MARKETING_VERSION = 1.0;
				PRODUCT_BUNDLE_IDENTIFIER = com.lonalia.MyUniverse;
				PRODUCT_NAME = "$(TARGET_NAME)";
				SWIFT_EMIT_LOC_STRINGS = YES;
				SWIFT_VERSION = 5.0;
				TARGETED_DEVICE_FAMILY = "1,2";
			};
			name = Debug;
		};
		8D29AB4029B45F2200AD5072 /* Release */ = {
			isa = XCBuildConfiguration;
			baseConfigurationReference = 88058BE33073142359645310 /* Pods-MyUniverse.release.xcconfig */;
			buildSettings = {
				ASSETCATALOG_COMPILER_APPICON_NAME = AppIcon;
				ASSETCATALOG_COMPILER_GLOBAL_ACCENT_COLOR_NAME = AccentColor;
				CODE_SIGN_STYLE = Automatic;
				CURRENT_PROJECT_VERSION = 1;
				DEVELOPMENT_TEAM = GMHUACJXLZ;
				GENERATE_INFOPLIST_FILE = YES;
				INFOPLIST_FILE = MyUniverse/Info.plist;
				INFOPLIST_KEY_UIApplicationSupportsIndirectInputEvents = YES;
				INFOPLIST_KEY_UILaunchStoryboardName = LaunchScreen;
				INFOPLIST_KEY_UISupportedInterfaceOrientations_iPad = "UIInterfaceOrientationPortrait UIInterfaceOrientationPortraitUpsideDown UIInterfaceOrientationLandscapeLeft UIInterfaceOrientationLandscapeRight";
				INFOPLIST_KEY_UISupportedInterfaceOrientations_iPhone = "UIInterfaceOrientationPortrait UIInterfaceOrientationLandscapeLeft UIInterfaceOrientationLandscapeRight";
				IPHONEOS_DEPLOYMENT_TARGET = 15.0;
				LD_RUNPATH_SEARCH_PATHS = (
					"$(inherited)",
					"@executable_path/Frameworks",
				);
				MARKETING_VERSION = 1.0;
				PRODUCT_BUNDLE_IDENTIFIER = com.lonalia.MyUniverse;
				PRODUCT_NAME = "$(TARGET_NAME)";
				SWIFT_EMIT_LOC_STRINGS = YES;
				SWIFT_VERSION = 5.0;
				TARGETED_DEVICE_FAMILY = "1,2";
			};
			name = Release;
		};
		8D29AB4229B45F2200AD5072 /* Debug */ = {
			isa = XCBuildConfiguration;
			baseConfigurationReference = 4FF0F0D10E335A4FEEFEF2BB /* Pods-MyUniverseTests.debug.xcconfig */;
			buildSettings = {
				ALWAYS_EMBED_SWIFT_STANDARD_LIBRARIES = YES;
				BUNDLE_LOADER = "$(TEST_HOST)";
				CODE_SIGN_STYLE = Automatic;
				CURRENT_PROJECT_VERSION = 1;
				DEVELOPMENT_TEAM = GMHUACJXLZ;
				GENERATE_INFOPLIST_FILE = YES;
				IPHONEOS_DEPLOYMENT_TARGET = 16.2;
				MARKETING_VERSION = 1.0;
				PRODUCT_BUNDLE_IDENTIFIER = com.lonalia.MyUniverseTests;
				PRODUCT_NAME = "$(TARGET_NAME)";
				SWIFT_EMIT_LOC_STRINGS = NO;
				SWIFT_VERSION = 5.0;
				TARGETED_DEVICE_FAMILY = "1,2";
				TEST_HOST = "$(BUILT_PRODUCTS_DIR)/MyUniverse.app/$(BUNDLE_EXECUTABLE_FOLDER_PATH)/MyUniverse";
			};
			name = Debug;
		};
		8D29AB4329B45F2200AD5072 /* Release */ = {
			isa = XCBuildConfiguration;
			baseConfigurationReference = 1C6944F21D4915B498C49BA8 /* Pods-MyUniverseTests.release.xcconfig */;
			buildSettings = {
				ALWAYS_EMBED_SWIFT_STANDARD_LIBRARIES = YES;
				BUNDLE_LOADER = "$(TEST_HOST)";
				CODE_SIGN_STYLE = Automatic;
				CURRENT_PROJECT_VERSION = 1;
				DEVELOPMENT_TEAM = GMHUACJXLZ;
				GENERATE_INFOPLIST_FILE = YES;
				IPHONEOS_DEPLOYMENT_TARGET = 16.2;
				MARKETING_VERSION = 1.0;
				PRODUCT_BUNDLE_IDENTIFIER = com.lonalia.MyUniverseTests;
				PRODUCT_NAME = "$(TARGET_NAME)";
				SWIFT_EMIT_LOC_STRINGS = NO;
				SWIFT_VERSION = 5.0;
				TARGETED_DEVICE_FAMILY = "1,2";
				TEST_HOST = "$(BUILT_PRODUCTS_DIR)/MyUniverse.app/$(BUNDLE_EXECUTABLE_FOLDER_PATH)/MyUniverse";
			};
			name = Release;
		};
		8D29AB4529B45F2200AD5072 /* Debug */ = {
			isa = XCBuildConfiguration;
			baseConfigurationReference = 0FEA7B202C5EBD9533EF02B5 /* Pods-MyUniverse-MyUniverseUITests.debug.xcconfig */;
			buildSettings = {
				ALWAYS_EMBED_SWIFT_STANDARD_LIBRARIES = YES;
				CODE_SIGN_STYLE = Automatic;
				CURRENT_PROJECT_VERSION = 1;
				DEVELOPMENT_TEAM = GMHUACJXLZ;
				GENERATE_INFOPLIST_FILE = YES;
				MARKETING_VERSION = 1.0;
				PRODUCT_BUNDLE_IDENTIFIER = com.lonalia.MyUniverseUITests;
				PRODUCT_NAME = "$(TARGET_NAME)";
				SWIFT_EMIT_LOC_STRINGS = NO;
				SWIFT_VERSION = 5.0;
				TARGETED_DEVICE_FAMILY = "1,2";
				TEST_TARGET_NAME = MyUniverse;
			};
			name = Debug;
		};
		8D29AB4629B45F2200AD5072 /* Release */ = {
			isa = XCBuildConfiguration;
			baseConfigurationReference = C0934ECD7D344CEF73619CA4 /* Pods-MyUniverse-MyUniverseUITests.release.xcconfig */;
			buildSettings = {
				ALWAYS_EMBED_SWIFT_STANDARD_LIBRARIES = YES;
				CODE_SIGN_STYLE = Automatic;
				CURRENT_PROJECT_VERSION = 1;
				DEVELOPMENT_TEAM = GMHUACJXLZ;
				GENERATE_INFOPLIST_FILE = YES;
				MARKETING_VERSION = 1.0;
				PRODUCT_BUNDLE_IDENTIFIER = com.lonalia.MyUniverseUITests;
				PRODUCT_NAME = "$(TARGET_NAME)";
				SWIFT_EMIT_LOC_STRINGS = NO;
				SWIFT_VERSION = 5.0;
				TARGETED_DEVICE_FAMILY = "1,2";
				TEST_TARGET_NAME = MyUniverse;
			};
			name = Release;
		};
/* End XCBuildConfiguration section */

/* Begin XCConfigurationList section */
		8D29AB0F29B45F2100AD5072 /* Build configuration list for PBXProject "MyUniverse" */ = {
			isa = XCConfigurationList;
			buildConfigurations = (
				8D29AB3C29B45F2200AD5072 /* Debug */,
				8D29AB3D29B45F2200AD5072 /* Release */,
			);
			defaultConfigurationIsVisible = 0;
			defaultConfigurationName = Release;
		};
		8D29AB3E29B45F2200AD5072 /* Build configuration list for PBXNativeTarget "MyUniverse" */ = {
			isa = XCConfigurationList;
			buildConfigurations = (
				8D29AB3F29B45F2200AD5072 /* Debug */,
				8D29AB4029B45F2200AD5072 /* Release */,
			);
			defaultConfigurationIsVisible = 0;
			defaultConfigurationName = Release;
		};
		8D29AB4129B45F2200AD5072 /* Build configuration list for PBXNativeTarget "MyUniverseTests" */ = {
			isa = XCConfigurationList;
			buildConfigurations = (
				8D29AB4229B45F2200AD5072 /* Debug */,
				8D29AB4329B45F2200AD5072 /* Release */,
			);
			defaultConfigurationIsVisible = 0;
			defaultConfigurationName = Release;
		};
		8D29AB4429B45F2200AD5072 /* Build configuration list for PBXNativeTarget "MyUniverseUITests" */ = {
			isa = XCConfigurationList;
			buildConfigurations = (
				8D29AB4529B45F2200AD5072 /* Debug */,
				8D29AB4629B45F2200AD5072 /* Release */,
			);
			defaultConfigurationIsVisible = 0;
			defaultConfigurationName = Release;
		};
/* End XCConfigurationList section */

/* Begin XCRemoteSwiftPackageReference section */
		8DEFA09329BE0C60004982CA /* XCRemoteSwiftPackageReference "SnapKit" */ = {
			isa = XCRemoteSwiftPackageReference;
			repositoryURL = "https://github.com/SnapKit/SnapKit";
			requirement = {
				kind = upToNextMinorVersion;
				minimumVersion = 5.6.0;
			};
		};
/* End XCRemoteSwiftPackageReference section */

/* Begin XCSwiftPackageProductDependency section */
		8DEFA09429BE0C60004982CA /* SnapKit */ = {
			isa = XCSwiftPackageProductDependency;
			package = 8DEFA09329BE0C60004982CA /* XCRemoteSwiftPackageReference "SnapKit" */;
			productName = SnapKit;
		};
/* End XCSwiftPackageProductDependency section */
	};
	rootObject = 8D29AB0C29B45F2100AD5072 /* Project object */;
}
